// !$*UTF8*$!
{
	archiveVersion = 1;
	classes = {
	};
	objectVersion = 46;
	objects = {

/* Begin PBXBuildFile section */
		8F0DB41E141F084600023D8E /* InfoViewController.m in Sources */ = {isa = PBXBuildFile; fileRef = 8F0DB41D141F084600023D8E /* InfoViewController.m */; };
		8F0DB420141F0F4D00023D8E /* InfoButtonText.html in Resources */ = {isa = PBXBuildFile; fileRef = 8F0DB41F141F0F4D00023D8E /* InfoButtonText.html */; };
		8F0DB423141F174400023D8E /* TableSelectorVC.m in Sources */ = {isa = PBXBuildFile; fileRef = 8F0DB422141F174400023D8E /* TableSelectorVC.m */; };
		8F3E662B141C8F1400712C42 /* UIKit.framework in Frameworks */ = {isa = PBXBuildFile; fileRef = 8F3E662A141C8F1400712C42 /* UIKit.framework */; };
		8F3E662D141C8F1400712C42 /* Foundation.framework in Frameworks */ = {isa = PBXBuildFile; fileRef = 8F3E662C141C8F1400712C42 /* Foundation.framework */; };
		8F3E662F141C8F1400712C42 /* CoreGraphics.framework in Frameworks */ = {isa = PBXBuildFile; fileRef = 8F3E662E141C8F1400712C42 /* CoreGraphics.framework */; };
		8F3E6635141C8F1400712C42 /* InfoPlist.strings in Resources */ = {isa = PBXBuildFile; fileRef = 8F3E6633141C8F1400712C42 /* InfoPlist.strings */; };
		8F3E6637141C8F1400712C42 /* main.m in Sources */ = {isa = PBXBuildFile; fileRef = 8F3E6636141C8F1400712C42 /* main.m */; };
		8F3E663B141C8F1400712C42 /* THAppDelegate.m in Sources */ = {isa = PBXBuildFile; fileRef = 8F3E663A141C8F1400712C42 /* THAppDelegate.m */; };
		8F3E663E141C8F1400712C42 /* MainWindow.xib in Resources */ = {isa = PBXBuildFile; fileRef = 8F3E663C141C8F1400712C42 /* MainWindow.xib */; };
		8F3E6641141C8F1400712C42 /* RootViewController.m in Sources */ = {isa = PBXBuildFile; fileRef = 8F3E6640141C8F1400712C42 /* RootViewController.m */; };
		8F3E6644141C8F1400712C42 /* RootViewController.xib in Resources */ = {isa = PBXBuildFile; fileRef = 8F3E6642141C8F1400712C42 /* RootViewController.xib */; };
		8F3E664C141C8F1400712C42 /* SenTestingKit.framework in Frameworks */ = {isa = PBXBuildFile; fileRef = 8F3E664B141C8F1400712C42 /* SenTestingKit.framework */; };
		8F3E664D141C8F1400712C42 /* UIKit.framework in Frameworks */ = {isa = PBXBuildFile; fileRef = 8F3E662A141C8F1400712C42 /* UIKit.framework */; };
		8F3E664E141C8F1400712C42 /* Foundation.framework in Frameworks */ = {isa = PBXBuildFile; fileRef = 8F3E662C141C8F1400712C42 /* Foundation.framework */; };
		8F3E664F141C8F1400712C42 /* CoreGraphics.framework in Frameworks */ = {isa = PBXBuildFile; fileRef = 8F3E662E141C8F1400712C42 /* CoreGraphics.framework */; };
		8F3E6657141C8F1400712C42 /* InfoPlist.strings in Resources */ = {isa = PBXBuildFile; fileRef = 8F3E6655141C8F1400712C42 /* InfoPlist.strings */; };
		8F3E6659141C8F1400712C42 /* THTests.h in Resources */ = {isa = PBXBuildFile; fileRef = 8F3E6658141C8F1400712C42 /* THTests.h */; };
		8F3E665B141C8F1400712C42 /* THTests.m in Sources */ = {isa = PBXBuildFile; fileRef = 8F3E665A141C8F1400712C42 /* THTests.m */; };
		8F3E6670141C915600712C42 /* THDate.m in Sources */ = {isa = PBXBuildFile; fileRef = 8F3E6667141C915600712C42 /* THDate.m */; };
		8F3E6671141C915600712C42 /* THDateVal.m in Sources */ = {isa = PBXBuildFile; fileRef = 8F3E6669141C915600712C42 /* THDateVal.m */; };
		8F3E6672141C915600712C42 /* THHomePriceIndex.m in Sources */ = {isa = PBXBuildFile; fileRef = 8F3E666B141C915600712C42 /* THHomePriceIndex.m */; };
		8F3E6673141C915600712C42 /* THHomePricePath.m in Sources */ = {isa = PBXBuildFile; fileRef = 8F3E666D141C915600712C42 /* THHomePricePath.m */; };
		8F3E6674141C915600712C42 /* THTimeSeries.m in Sources */ = {isa = PBXBuildFile; fileRef = 8F3E666F141C915600712C42 /* THTimeSeries.m */; };
		8F3E6677141C917500712C42 /* THURLCreator.m in Sources */ = {isa = PBXBuildFile; fileRef = 8F3E6676141C917500712C42 /* THURLCreator.m */; };
		8F3E6688141C91D200712C42 /* DateSelectorVC.m in Sources */ = {isa = PBXBuildFile; fileRef = 8F3E6679141C91D200712C42 /* DateSelectorVC.m */; };
		8F3E6689141C91D200712C42 /* PropertySettingsVC.m in Sources */ = {isa = PBXBuildFile; fileRef = 8F3E667B141C91D200712C42 /* PropertySettingsVC.m */; };
		8F3E668A141C91D200712C42 /* ScrollingTallyDetailVC.xib in Resources */ = {isa = PBXBuildFile; fileRef = 8F3E667C141C91D200712C42 /* ScrollingTallyDetailVC.xib */; };
		8F3E668B141C91D200712C42 /* ScrollingTallyDetailVC.m in Sources */ = {isa = PBXBuildFile; fileRef = 8F3E667E141C91D200712C42 /* ScrollingTallyDetailVC.m */; };
		8F3E668D141C91D200712C42 /* SplashView.m in Sources */ = {isa = PBXBuildFile; fileRef = 8F3E6682141C91D200712C42 /* SplashView.m */; };
		8F3E668E141C91D200712C42 /* TallyDetailVC.m in Sources */ = {isa = PBXBuildFile; fileRef = 8F3E6684141C91D200712C42 /* TallyDetailVC.m */; };
		8F3E668F141C91D200712C42 /* TextEntryVC.m in Sources */ = {isa = PBXBuildFile; fileRef = 8F3E6687141C91D200712C42 /* TextEntryVC.m */; };
		8F3E6692141C926F00712C42 /* AppDefaults.plist in Resources */ = {isa = PBXBuildFile; fileRef = 8F3E6690141C926F00712C42 /* AppDefaults.plist */; };
		8F3E6698141C994400712C42 /* QuartzCore.framework in Frameworks */ = {isa = PBXBuildFile; fileRef = 8F3E6697141C994400712C42 /* QuartzCore.framework */; };
		8F3E66A4141CCA4000712C42 /* TallyVCArray.m in Sources */ = {isa = PBXBuildFile; fileRef = 8F3E66A3141CCA4000712C42 /* TallyVCArray.m */; };
		8F53B67B144ADB1900992D48 /* notes in Resources */ = {isa = PBXBuildFile; fileRef = 8F53B67A144ADB1900992D48 /* notes */; };
		8F53B72B1456B9B100992D48 /* ArrowScroller.m in Sources */ = {isa = PBXBuildFile; fileRef = 8F53B72A1456B9B100992D48 /* ArrowScroller.m */; };
		8F53B76014581BCC00992D48 /* FlipLabel.m in Sources */ = {isa = PBXBuildFile; fileRef = 8F53B75F14581BCC00992D48 /* FlipLabel.m */; };
		8F53B766145C090E00992D48 /* Flipper.m in Sources */ = {isa = PBXBuildFile; fileRef = 8F53B765145C090E00992D48 /* Flipper.m */; };
		8F53B76914629C6900992D48 /* background@2x.png in Resources */ = {isa = PBXBuildFile; fileRef = 8F53B76714629C6900992D48 /* background@2x.png */; };
		8F53B76A14629C6900992D48 /* Default@2x.png in Resources */ = {isa = PBXBuildFile; fileRef = 8F53B76814629C6900992D48 /* Default@2x.png */; };
		8F53B76C14662C9900992D48 /* arrow@2x.png in Resources */ = {isa = PBXBuildFile; fileRef = 8F53B76B14662C9900992D48 /* arrow@2x.png */; };
		8F5FA716142A0BBE00FB3A52 /* TickingValueLabel.m in Sources */ = {isa = PBXBuildFile; fileRef = 8F5FA715142A0BBE00FB3A52 /* TickingValueLabel.m */; };
		8F5FA722142A2A7600FB3A52 /* background.png in Resources */ = {isa = PBXBuildFile; fileRef = 8F5FA71E142A2A7600FB3A52 /* background.png */; };
		8F5FA729142A2A9D00FB3A52 /* icon@2x.png in Resources */ = {isa = PBXBuildFile; fileRef = 8F5FA727142A2A9D00FB3A52 /* icon@2x.png */; };
		8F5FA72B142B666200FB3A52 /* icon.png in Resources */ = {isa = PBXBuildFile; fileRef = 8F5FA72A142B666200FB3A52 /* icon.png */; };
		8F5FA73D142D8FBB00FB3A52 /* THPlaceName.m in Sources */ = {isa = PBXBuildFile; fileRef = 8F5FA73C142D8FBB00FB3A52 /* THPlaceName.m */; };
		8F5FA73F142D95F400FB3A52 /* PlaceNames.csv in Resources */ = {isa = PBXBuildFile; fileRef = 8F5FA73E142D95F400FB3A52 /* PlaceNames.csv */; };
		8F86C928142617CC0021D2A8 /* AudioToolbox.framework in Frameworks */ = {isa = PBXBuildFile; fileRef = 8F86C927142617CC0021D2A8 /* AudioToolbox.framework */; };
		8FB5D35E142EF1140035B15B /* SearchSelectorVC.m in Sources */ = {isa = PBXBuildFile; fileRef = 8FB5D35C142EF1140035B15B /* SearchSelectorVC.m */; };
		8FB5D35F142EF1140035B15B /* SearchSelectorVC.xib in Resources */ = {isa = PBXBuildFile; fileRef = 8FB5D35D142EF1140035B15B /* SearchSelectorVC.xib */; };
		8FB5D368142F002F0035B15B /* HelpBubbles@2x.png in Resources */ = {isa = PBXBuildFile; fileRef = 8FB5D366142F002F0035B15B /* HelpBubbles@2x.png */; };
		8FB5D36C142F3CA70035B15B /* HelpBubble1.png in Resources */ = {isa = PBXBuildFile; fileRef = 8FB5D369142F3CA70035B15B /* HelpBubble1.png */; };
		8FB5D36D142F3CA70035B15B /* HelpBubble2.png in Resources */ = {isa = PBXBuildFile; fileRef = 8FB5D36A142F3CA70035B15B /* HelpBubble2.png */; };
		8FB5D36E142F3CA70035B15B /* HelpBubble3.png in Resources */ = {isa = PBXBuildFile; fileRef = 8FB5D36B142F3CA70035B15B /* HelpBubble3.png */; };
		8FB5D372142F44740035B15B /* HelpBubble1@2x.png in Resources */ = {isa = PBXBuildFile; fileRef = 8FB5D36F142F44730035B15B /* HelpBubble1@2x.png */; };
		8FB5D373142F44740035B15B /* HelpBubble2@2x.png in Resources */ = {isa = PBXBuildFile; fileRef = 8FB5D370142F44730035B15B /* HelpBubble2@2x.png */; };
		8FB5D374142F44740035B15B /* HelpBubble3@2x.png in Resources */ = {isa = PBXBuildFile; fileRef = 8FB5D371142F44740035B15B /* HelpBubble3@2x.png */; };
		8FB5D376142F4D380035B15B /* PlaceNames_Oz.csv in Resources */ = {isa = PBXBuildFile; fileRef = 8FB5D375142F4D380035B15B /* PlaceNames_Oz.csv */; };
		8FB5D37C14308F100035B15B /* CoreLocation.framework in Frameworks */ = {isa = PBXBuildFile; fileRef = 8FB5D37B14308F100035B15B /* CoreLocation.framework */; };
		8FCD231614245B230097DE52 /* Reachability.m in Sources */ = {isa = PBXBuildFile; fileRef = 8FCD231314245B210097DE52 /* Reachability.m */; };
		8FCD231D1424C30E0097DE52 /* AustraliaIndex.xml in Resources */ = {isa = PBXBuildFile; fileRef = 8FCD231C1424C30E0097DE52 /* AustraliaIndex.xml */; };
		8FCD23211424CF690097DE52 /* SystemConfiguration.framework in Frameworks */ = {isa = PBXBuildFile; fileRef = 8FCD23201424CF690097DE52 /* SystemConfiguration.framework */; };
		8FE109B31431F6D900A48B0B /* Default.png in Resources */ = {isa = PBXBuildFile; fileRef = 8FE109B11431F6D900A48B0B /* Default.png */; };
		8FE109B7143348C800A48B0B /* THLocator.m in Sources */ = {isa = PBXBuildFile; fileRef = 8FE109B6143348C800A48B0B /* THLocator.m */; };
/* End PBXBuildFile section */

/* Begin PBXContainerItemProxy section */
		8F3E6650141C8F1400712C42 /* PBXContainerItemProxy */ = {
			isa = PBXContainerItemProxy;
			containerPortal = 8F3E661D141C8F1400712C42 /* Project object */;
			proxyType = 1;
			remoteGlobalIDString = 8F3E6625141C8F1400712C42;
			remoteInfo = TH;
		};
/* End PBXContainerItemProxy section */

/* Begin PBXFileReference section */
		8F0DB41C141F084600023D8E /* InfoViewController.h */ = {isa = PBXFileReference; fileEncoding = 4; lastKnownFileType = sourcecode.c.h; path = InfoViewController.h; sourceTree = "<group>"; };
		8F0DB41D141F084600023D8E /* InfoViewController.m */ = {isa = PBXFileReference; fileEncoding = 4; lastKnownFileType = sourcecode.c.objc; path = InfoViewController.m; sourceTree = "<group>"; };
		8F0DB41F141F0F4D00023D8E /* InfoButtonText.html */ = {isa = PBXFileReference; fileEncoding = 4; lastKnownFileType = text.html; path = InfoButtonText.html; sourceTree = "<group>"; };
		8F0DB421141F174400023D8E /* TableSelectorVC.h */ = {isa = PBXFileReference; fileEncoding = 4; lastKnownFileType = sourcecode.c.h; path = TableSelectorVC.h; sourceTree = "<group>"; };
		8F0DB422141F174400023D8E /* TableSelectorVC.m */ = {isa = PBXFileReference; fileEncoding = 4; lastKnownFileType = sourcecode.c.objc; path = TableSelectorVC.m; sourceTree = "<group>"; };
		8F3E6626141C8F1400712C42 /* TH.app */ = {isa = PBXFileReference; explicitFileType = wrapper.application; includeInIndex = 0; path = TH.app; sourceTree = BUILT_PRODUCTS_DIR; };
		8F3E662A141C8F1400712C42 /* UIKit.framework */ = {isa = PBXFileReference; lastKnownFileType = wrapper.framework; name = UIKit.framework; path = System/Library/Frameworks/UIKit.framework; sourceTree = SDKROOT; };
		8F3E662C141C8F1400712C42 /* Foundation.framework */ = {isa = PBXFileReference; lastKnownFileType = wrapper.framework; name = Foundation.framework; path = System/Library/Frameworks/Foundation.framework; sourceTree = SDKROOT; };
		8F3E662E141C8F1400712C42 /* CoreGraphics.framework */ = {isa = PBXFileReference; lastKnownFileType = wrapper.framework; name = CoreGraphics.framework; path = System/Library/Frameworks/CoreGraphics.framework; sourceTree = SDKROOT; };
		8F3E6632141C8F1400712C42 /* TH-Info.plist */ = {isa = PBXFileReference; lastKnownFileType = text.plist.xml; path = "TH-Info.plist"; sourceTree = "<group>"; };
		8F3E6634141C8F1400712C42 /* en */ = {isa = PBXFileReference; lastKnownFileType = text.plist.strings; name = en; path = en.lproj/InfoPlist.strings; sourceTree = "<group>"; };
		8F3E6636141C8F1400712C42 /* main.m */ = {isa = PBXFileReference; lastKnownFileType = sourcecode.c.objc; path = main.m; sourceTree = "<group>"; };
		8F3E6638141C8F1400712C42 /* TH-Prefix.pch */ = {isa = PBXFileReference; lastKnownFileType = sourcecode.c.h; path = "TH-Prefix.pch"; sourceTree = "<group>"; };
		8F3E6639141C8F1400712C42 /* THAppDelegate.h */ = {isa = PBXFileReference; lastKnownFileType = sourcecode.c.h; path = THAppDelegate.h; sourceTree = "<group>"; };
		8F3E663A141C8F1400712C42 /* THAppDelegate.m */ = {isa = PBXFileReference; lastKnownFileType = sourcecode.c.objc; path = THAppDelegate.m; sourceTree = "<group>"; };
		8F3E663D141C8F1400712C42 /* en */ = {isa = PBXFileReference; lastKnownFileType = file.xib; name = en; path = en.lproj/MainWindow.xib; sourceTree = "<group>"; };
		8F3E663F141C8F1400712C42 /* RootViewController.h */ = {isa = PBXFileReference; lastKnownFileType = sourcecode.c.h; path = RootViewController.h; sourceTree = "<group>"; };
		8F3E6640141C8F1400712C42 /* RootViewController.m */ = {isa = PBXFileReference; lastKnownFileType = sourcecode.c.objc; path = RootViewController.m; sourceTree = "<group>"; };
		8F3E6643141C8F1400712C42 /* en */ = {isa = PBXFileReference; lastKnownFileType = file.xib; name = en; path = en.lproj/RootViewController.xib; sourceTree = "<group>"; };
		8F3E664A141C8F1400712C42 /* THTests.octest */ = {isa = PBXFileReference; explicitFileType = wrapper.cfbundle; includeInIndex = 0; path = THTests.octest; sourceTree = BUILT_PRODUCTS_DIR; };
		8F3E664B141C8F1400712C42 /* SenTestingKit.framework */ = {isa = PBXFileReference; lastKnownFileType = wrapper.framework; name = SenTestingKit.framework; path = Library/Frameworks/SenTestingKit.framework; sourceTree = DEVELOPER_DIR; };
		8F3E6654141C8F1400712C42 /* THTests-Info.plist */ = {isa = PBXFileReference; lastKnownFileType = text.plist.xml; path = "THTests-Info.plist"; sourceTree = "<group>"; };
		8F3E6656141C8F1400712C42 /* en */ = {isa = PBXFileReference; lastKnownFileType = text.plist.strings; name = en; path = en.lproj/InfoPlist.strings; sourceTree = "<group>"; };
		8F3E6658141C8F1400712C42 /* THTests.h */ = {isa = PBXFileReference; lastKnownFileType = sourcecode.c.h; path = THTests.h; sourceTree = "<group>"; };
		8F3E665A141C8F1400712C42 /* THTests.m */ = {isa = PBXFileReference; lastKnownFileType = sourcecode.c.objc; path = THTests.m; sourceTree = "<group>"; };
		8F3E6666141C915600712C42 /* THDate.h */ = {isa = PBXFileReference; fileEncoding = 4; lastKnownFileType = sourcecode.c.h; path = THDate.h; sourceTree = "<group>"; };
		8F3E6667141C915600712C42 /* THDate.m */ = {isa = PBXFileReference; fileEncoding = 4; lastKnownFileType = sourcecode.c.objc; path = THDate.m; sourceTree = "<group>"; };
		8F3E6668141C915600712C42 /* THDateVal.h */ = {isa = PBXFileReference; fileEncoding = 4; lastKnownFileType = sourcecode.c.h; path = THDateVal.h; sourceTree = "<group>"; };
		8F3E6669141C915600712C42 /* THDateVal.m */ = {isa = PBXFileReference; fileEncoding = 4; lastKnownFileType = sourcecode.c.objc; path = THDateVal.m; sourceTree = "<group>"; };
		8F3E666A141C915600712C42 /* THHomePriceIndex.h */ = {isa = PBXFileReference; fileEncoding = 4; lastKnownFileType = sourcecode.c.h; path = THHomePriceIndex.h; sourceTree = "<group>"; };
		8F3E666B141C915600712C42 /* THHomePriceIndex.m */ = {isa = PBXFileReference; fileEncoding = 4; lastKnownFileType = sourcecode.c.objc; path = THHomePriceIndex.m; sourceTree = "<group>"; };
		8F3E666C141C915600712C42 /* THHomePricePath.h */ = {isa = PBXFileReference; fileEncoding = 4; lastKnownFileType = sourcecode.c.h; path = THHomePricePath.h; sourceTree = "<group>"; };
		8F3E666D141C915600712C42 /* THHomePricePath.m */ = {isa = PBXFileReference; fileEncoding = 4; lastKnownFileType = sourcecode.c.objc; path = THHomePricePath.m; sourceTree = "<group>"; };
		8F3E666E141C915600712C42 /* THTimeSeries.h */ = {isa = PBXFileReference; fileEncoding = 4; lastKnownFileType = sourcecode.c.h; path = THTimeSeries.h; sourceTree = "<group>"; };
		8F3E666F141C915600712C42 /* THTimeSeries.m */ = {isa = PBXFileReference; fileEncoding = 4; lastKnownFileType = sourcecode.c.objc; path = THTimeSeries.m; sourceTree = "<group>"; };
		8F3E6675141C917500712C42 /* THURLCreator.h */ = {isa = PBXFileReference; fileEncoding = 4; lastKnownFileType = sourcecode.c.h; path = THURLCreator.h; sourceTree = "<group>"; };
		8F3E6676141C917500712C42 /* THURLCreator.m */ = {isa = PBXFileReference; fileEncoding = 4; lastKnownFileType = sourcecode.c.objc; path = THURLCreator.m; sourceTree = "<group>"; };
		8F3E6678141C91D200712C42 /* DateSelectorVC.h */ = {isa = PBXFileReference; fileEncoding = 4; lastKnownFileType = sourcecode.c.h; path = DateSelectorVC.h; sourceTree = "<group>"; };
		8F3E6679141C91D200712C42 /* DateSelectorVC.m */ = {isa = PBXFileReference; fileEncoding = 4; lastKnownFileType = sourcecode.c.objc; path = DateSelectorVC.m; sourceTree = "<group>"; };
		8F3E667A141C91D200712C42 /* PropertySettingsVC.h */ = {isa = PBXFileReference; fileEncoding = 4; lastKnownFileType = sourcecode.c.h; path = PropertySettingsVC.h; sourceTree = "<group>"; };
		8F3E667B141C91D200712C42 /* PropertySettingsVC.m */ = {isa = PBXFileReference; fileEncoding = 4; lastKnownFileType = sourcecode.c.objc; path = PropertySettingsVC.m; sourceTree = "<group>"; };
		8F3E667C141C91D200712C42 /* ScrollingTallyDetailVC.xib */ = {isa = PBXFileReference; fileEncoding = 4; lastKnownFileType = file.xib; path = ScrollingTallyDetailVC.xib; sourceTree = "<group>"; };
		8F3E667D141C91D200712C42 /* ScrollingTallyDetailVC.h */ = {isa = PBXFileReference; fileEncoding = 4; lastKnownFileType = sourcecode.c.h; path = ScrollingTallyDetailVC.h; sourceTree = "<group>"; };
		8F3E667E141C91D200712C42 /* ScrollingTallyDetailVC.m */ = {isa = PBXFileReference; fileEncoding = 4; lastKnownFileType = sourcecode.c.objc; path = ScrollingTallyDetailVC.m; sourceTree = "<group>"; };
		8F3E6681141C91D200712C42 /* SplashView.h */ = {isa = PBXFileReference; fileEncoding = 4; lastKnownFileType = sourcecode.c.h; path = SplashView.h; sourceTree = "<group>"; };
		8F3E6682141C91D200712C42 /* SplashView.m */ = {isa = PBXFileReference; fileEncoding = 4; lastKnownFileType = sourcecode.c.objc; path = SplashView.m; sourceTree = "<group>"; };
		8F3E6683141C91D200712C42 /* TallyDetailVC.h */ = {isa = PBXFileReference; fileEncoding = 4; lastKnownFileType = sourcecode.c.h; path = TallyDetailVC.h; sourceTree = "<group>"; };
		8F3E6684141C91D200712C42 /* TallyDetailVC.m */ = {isa = PBXFileReference; fileEncoding = 4; lastKnownFileType = sourcecode.c.objc; path = TallyDetailVC.m; sourceTree = "<group>"; };
		8F3E6685141C91D200712C42 /* TallyHomeConstants.h */ = {isa = PBXFileReference; fileEncoding = 4; lastKnownFileType = sourcecode.c.h; path = TallyHomeConstants.h; sourceTree = "<group>"; };
		8F3E6686141C91D200712C42 /* TextEntryVC.h */ = {isa = PBXFileReference; fileEncoding = 4; lastKnownFileType = sourcecode.c.h; path = TextEntryVC.h; sourceTree = "<group>"; };
		8F3E6687141C91D200712C42 /* TextEntryVC.m */ = {isa = PBXFileReference; fileEncoding = 4; lastKnownFileType = sourcecode.c.objc; path = TextEntryVC.m; sourceTree = "<group>"; };
		8F3E6690141C926F00712C42 /* AppDefaults.plist */ = {isa = PBXFileReference; fileEncoding = 4; lastKnownFileType = text.plist.xml; path = AppDefaults.plist; sourceTree = "<group>"; };
		8F3E6694141C928500712C42 /* DebugMacros.h */ = {isa = PBXFileReference; fileEncoding = 4; lastKnownFileType = sourcecode.c.h; path = DebugMacros.h; sourceTree = "<group>"; };
		8F3E6697141C994400712C42 /* QuartzCore.framework */ = {isa = PBXFileReference; lastKnownFileType = wrapper.framework; name = QuartzCore.framework; path = System/Library/Frameworks/QuartzCore.framework; sourceTree = SDKROOT; };
		8F3E66A2141CCA4000712C42 /* TallyVCArray.h */ = {isa = PBXFileReference; fileEncoding = 4; lastKnownFileType = sourcecode.c.h; path = TallyVCArray.h; sourceTree = "<group>"; };
		8F3E66A3141CCA4000712C42 /* TallyVCArray.m */ = {isa = PBXFileReference; fileEncoding = 4; lastKnownFileType = sourcecode.c.objc; path = TallyVCArray.m; sourceTree = "<group>"; };
		8F53B67A144ADB1900992D48 /* notes */ = {isa = PBXFileReference; fileEncoding = 4; lastKnownFileType = text; path = notes; sourceTree = "<group>"; };
		8F53B7291456B9B000992D48 /* ArrowScroller.h */ = {isa = PBXFileReference; fileEncoding = 4; lastKnownFileType = sourcecode.c.h; path = ArrowScroller.h; sourceTree = "<group>"; };
		8F53B72A1456B9B100992D48 /* ArrowScroller.m */ = {isa = PBXFileReference; fileEncoding = 4; lastKnownFileType = sourcecode.c.objc; path = ArrowScroller.m; sourceTree = "<group>"; };
		8F53B75E14581BCB00992D48 /* FlipLabel.h */ = {isa = PBXFileReference; fileEncoding = 4; lastKnownFileType = sourcecode.c.h; path = FlipLabel.h; sourceTree = "<group>"; };
		8F53B75F14581BCC00992D48 /* FlipLabel.m */ = {isa = PBXFileReference; fileEncoding = 4; lastKnownFileType = sourcecode.c.objc; path = FlipLabel.m; sourceTree = "<group>"; };
		8F53B764145C090E00992D48 /* Flipper.h */ = {isa = PBXFileReference; fileEncoding = 4; lastKnownFileType = sourcecode.c.h; path = Flipper.h; sourceTree = "<group>"; };
		8F53B765145C090E00992D48 /* Flipper.m */ = {isa = PBXFileReference; fileEncoding = 4; lastKnownFileType = sourcecode.c.objc; path = Flipper.m; sourceTree = "<group>"; };
		8F53B76714629C6900992D48 /* background@2x.png */ = {isa = PBXFileReference; lastKnownFileType = image.png; path = "background@2x.png"; sourceTree = "<group>"; };
		8F53B76814629C6900992D48 /* Default@2x.png */ = {isa = PBXFileReference; lastKnownFileType = image.png; path = "Default@2x.png"; sourceTree = "<group>"; };
		8F53B76B14662C9900992D48 /* arrow@2x.png */ = {isa = PBXFileReference; lastKnownFileType = image.png; path = "arrow@2x.png"; sourceTree = "<group>"; };
		8F5FA714142A0BBE00FB3A52 /* TickingValueLabel.h */ = {isa = PBXFileReference; fileEncoding = 4; lastKnownFileType = sourcecode.c.h; path = TickingValueLabel.h; sourceTree = "<group>"; };
		8F5FA715142A0BBE00FB3A52 /* TickingValueLabel.m */ = {isa = PBXFileReference; fileEncoding = 4; lastKnownFileType = sourcecode.c.objc; path = TickingValueLabel.m; sourceTree = "<group>"; };
		8F5FA71E142A2A7600FB3A52 /* background.png */ = {isa = PBXFileReference; lastKnownFileType = image.png; path = background.png; sourceTree = "<group>"; };
		8F5FA727142A2A9D00FB3A52 /* icon@2x.png */ = {isa = PBXFileReference; lastKnownFileType = image.png; path = "icon@2x.png"; sourceTree = "<group>"; };
		8F5FA72A142B666200FB3A52 /* icon.png */ = {isa = PBXFileReference; lastKnownFileType = image.png; name = icon.png; path = ../icon.png; sourceTree = "<group>"; };
		8F5FA73B142D8FBB00FB3A52 /* THPlaceName.h */ = {isa = PBXFileReference; fileEncoding = 4; lastKnownFileType = sourcecode.c.h; path = THPlaceName.h; sourceTree = "<group>"; };
		8F5FA73C142D8FBB00FB3A52 /* THPlaceName.m */ = {isa = PBXFileReference; fileEncoding = 4; lastKnownFileType = sourcecode.c.objc; path = THPlaceName.m; sourceTree = "<group>"; };
		8F5FA73E142D95F400FB3A52 /* PlaceNames.csv */ = {isa = PBXFileReference; fileEncoding = 4; lastKnownFileType = text; path = PlaceNames.csv; sourceTree = "<group>"; };
		8F86C927142617CC0021D2A8 /* AudioToolbox.framework */ = {isa = PBXFileReference; lastKnownFileType = wrapper.framework; name = AudioToolbox.framework; path = System/Library/Frameworks/AudioToolbox.framework; sourceTree = SDKROOT; };
		8FB5D35B142EF1140035B15B /* SearchSelectorVC.h */ = {isa = PBXFileReference; fileEncoding = 4; lastKnownFileType = sourcecode.c.h; path = SearchSelectorVC.h; sourceTree = "<group>"; };
		8FB5D35C142EF1140035B15B /* SearchSelectorVC.m */ = {isa = PBXFileReference; fileEncoding = 4; lastKnownFileType = sourcecode.c.objc; path = SearchSelectorVC.m; sourceTree = "<group>"; };
		8FB5D35D142EF1140035B15B /* SearchSelectorVC.xib */ = {isa = PBXFileReference; fileEncoding = 4; lastKnownFileType = file.xib; path = SearchSelectorVC.xib; sourceTree = "<group>"; };
		8FB5D366142F002F0035B15B /* HelpBubbles@2x.png */ = {isa = PBXFileReference; lastKnownFileType = image.png; path = "HelpBubbles@2x.png"; sourceTree = "<group>"; };
		8FB5D369142F3CA70035B15B /* HelpBubble1.png */ = {isa = PBXFileReference; lastKnownFileType = image.png; path = HelpBubble1.png; sourceTree = "<group>"; };
		8FB5D36A142F3CA70035B15B /* HelpBubble2.png */ = {isa = PBXFileReference; lastKnownFileType = image.png; path = HelpBubble2.png; sourceTree = "<group>"; };
		8FB5D36B142F3CA70035B15B /* HelpBubble3.png */ = {isa = PBXFileReference; lastKnownFileType = image.png; path = HelpBubble3.png; sourceTree = "<group>"; };
		8FB5D36F142F44730035B15B /* HelpBubble1@2x.png */ = {isa = PBXFileReference; lastKnownFileType = image.png; path = "HelpBubble1@2x.png"; sourceTree = "<group>"; };
		8FB5D370142F44730035B15B /* HelpBubble2@2x.png */ = {isa = PBXFileReference; lastKnownFileType = image.png; path = "HelpBubble2@2x.png"; sourceTree = "<group>"; };
		8FB5D371142F44740035B15B /* HelpBubble3@2x.png */ = {isa = PBXFileReference; lastKnownFileType = image.png; path = "HelpBubble3@2x.png"; sourceTree = "<group>"; };
		8FB5D375142F4D380035B15B /* PlaceNames_Oz.csv */ = {isa = PBXFileReference; fileEncoding = 4; lastKnownFileType = text; path = PlaceNames_Oz.csv; sourceTree = "<group>"; };
		8FB5D37B14308F100035B15B /* CoreLocation.framework */ = {isa = PBXFileReference; lastKnownFileType = wrapper.framework; name = CoreLocation.framework; path = System/Library/Frameworks/CoreLocation.framework; sourceTree = SDKROOT; };
		8FCD231214245B210097DE52 /* Reachability.h */ = {isa = PBXFileReference; fileEncoding = 4; lastKnownFileType = sourcecode.c.h; path = Reachability.h; sourceTree = "<group>"; };
		8FCD231314245B210097DE52 /* Reachability.m */ = {isa = PBXFileReference; fileEncoding = 4; lastKnownFileType = sourcecode.c.objc; path = Reachability.m; sourceTree = "<group>"; };
		8FCD231C1424C30E0097DE52 /* AustraliaIndex.xml */ = {isa = PBXFileReference; fileEncoding = 4; lastKnownFileType = text.xml; path = AustraliaIndex.xml; sourceTree = "<group>"; };
		8FCD23201424CF690097DE52 /* SystemConfiguration.framework */ = {isa = PBXFileReference; lastKnownFileType = wrapper.framework; name = SystemConfiguration.framework; path = System/Library/Frameworks/SystemConfiguration.framework; sourceTree = SDKROOT; };
		8FE109B11431F6D900A48B0B /* Default.png */ = {isa = PBXFileReference; lastKnownFileType = image.png; path = Default.png; sourceTree = "<group>"; };
		8FE109B5143348C800A48B0B /* THLocator.h */ = {isa = PBXFileReference; fileEncoding = 4; lastKnownFileType = sourcecode.c.h; path = THLocator.h; sourceTree = "<group>"; };
		8FE109B6143348C800A48B0B /* THLocator.m */ = {isa = PBXFileReference; fileEncoding = 4; lastKnownFileType = sourcecode.c.objc; path = THLocator.m; sourceTree = "<group>"; };
/* End PBXFileReference section */

/* Begin PBXFrameworksBuildPhase section */
		8F3E6623141C8F1400712C42 /* Frameworks */ = {
			isa = PBXFrameworksBuildPhase;
			buildActionMask = 2147483647;
			files = (
				8F3E6698141C994400712C42 /* QuartzCore.framework in Frameworks */,
				8F3E662B141C8F1400712C42 /* UIKit.framework in Frameworks */,
				8F3E662D141C8F1400712C42 /* Foundation.framework in Frameworks */,
				8F3E662F141C8F1400712C42 /* CoreGraphics.framework in Frameworks */,
				8FCD23211424CF690097DE52 /* SystemConfiguration.framework in Frameworks */,
				8F86C928142617CC0021D2A8 /* AudioToolbox.framework in Frameworks */,
				8FB5D37C14308F100035B15B /* CoreLocation.framework in Frameworks */,
			);
			runOnlyForDeploymentPostprocessing = 0;
		};
		8F3E6646141C8F1400712C42 /* Frameworks */ = {
			isa = PBXFrameworksBuildPhase;
			buildActionMask = 2147483647;
			files = (
				8F3E664C141C8F1400712C42 /* SenTestingKit.framework in Frameworks */,
				8F3E664D141C8F1400712C42 /* UIKit.framework in Frameworks */,
				8F3E664E141C8F1400712C42 /* Foundation.framework in Frameworks */,
				8F3E664F141C8F1400712C42 /* CoreGraphics.framework in Frameworks */,
			);
			runOnlyForDeploymentPostprocessing = 0;
		};
/* End PBXFrameworksBuildPhase section */

/* Begin PBXGroup section */
		8F3E661B141C8F1400712C42 = {
			isa = PBXGroup;
			children = (
				8F3E6630141C8F1400712C42 /* TH */,
				8F3E6652141C8F1400712C42 /* THTests */,
				8F3E6629141C8F1400712C42 /* Frameworks */,
				8F3E6627141C8F1400712C42 /* Products */,
			);
			sourceTree = "<group>";
		};
		8F3E6627141C8F1400712C42 /* Products */ = {
			isa = PBXGroup;
			children = (
				8F3E6626141C8F1400712C42 /* TH.app */,
				8F3E664A141C8F1400712C42 /* THTests.octest */,
			);
			name = Products;
			sourceTree = "<group>";
		};
		8F3E6629141C8F1400712C42 /* Frameworks */ = {
			isa = PBXGroup;
			children = (
				8FB5D37B14308F100035B15B /* CoreLocation.framework */,
				8F86C927142617CC0021D2A8 /* AudioToolbox.framework */,
				8FCD23201424CF690097DE52 /* SystemConfiguration.framework */,
				8F3E6697141C994400712C42 /* QuartzCore.framework */,
				8F3E662A141C8F1400712C42 /* UIKit.framework */,
				8F3E662C141C8F1400712C42 /* Foundation.framework */,
				8F3E662E141C8F1400712C42 /* CoreGraphics.framework */,
				8F3E664B141C8F1400712C42 /* SenTestingKit.framework */,
			);
			name = Frameworks;
			sourceTree = "<group>";
		};
		8F3E6630141C8F1400712C42 /* TH */ = {
			isa = PBXGroup;
			children = (
				8F3E6694141C928500712C42 /* DebugMacros.h */,
				8F3E6665141C90FB00712C42 /* Core */,
				8F3E6664141C90F200712C42 /* UI */,
				8F3E6631141C8F1400712C42 /* Supporting Files */,
			);
			path = TH;
			sourceTree = "<group>";
		};
		8F3E6631141C8F1400712C42 /* Supporting Files */ = {
			isa = PBXGroup;
			children = (
				8F53B76B14662C9900992D48 /* arrow@2x.png */,
				8F53B76714629C6900992D48 /* background@2x.png */,
				8F53B76814629C6900992D48 /* Default@2x.png */,
				8FE109B11431F6D900A48B0B /* Default.png */,
				8FB5D375142F4D380035B15B /* PlaceNames_Oz.csv */,
				8F5FA73E142D95F400FB3A52 /* PlaceNames.csv */,
				8FB5D36F142F44730035B15B /* HelpBubble1@2x.png */,
				8FB5D370142F44730035B15B /* HelpBubble2@2x.png */,
				8FB5D371142F44740035B15B /* HelpBubble3@2x.png */,
				8FB5D369142F3CA70035B15B /* HelpBubble1.png */,
				8FB5D36A142F3CA70035B15B /* HelpBubble2.png */,
				8FB5D36B142F3CA70035B15B /* HelpBubble3.png */,
				8FB5D366142F002F0035B15B /* HelpBubbles@2x.png */,
				8F5FA72A142B666200FB3A52 /* icon.png */,
				8F5FA727142A2A9D00FB3A52 /* icon@2x.png */,
				8F5FA71E142A2A7600FB3A52 /* background.png */,
				8FCD231C1424C30E0097DE52 /* AustraliaIndex.xml */,
				8F3E6690141C926F00712C42 /* AppDefaults.plist */,
				8F3E6632141C8F1400712C42 /* TH-Info.plist */,
				8F3E6633141C8F1400712C42 /* InfoPlist.strings */,
				8F3E6636141C8F1400712C42 /* main.m */,
				8F3E6638141C8F1400712C42 /* TH-Prefix.pch */,
				8F0DB41F141F0F4D00023D8E /* InfoButtonText.html */,
				8F53B67A144ADB1900992D48 /* notes */,
			);
			name = "Supporting Files";
			sourceTree = "<group>";
		};
		8F3E6652141C8F1400712C42 /* THTests */ = {
			isa = PBXGroup;
			children = (
				8F3E6658141C8F1400712C42 /* THTests.h */,
				8F3E665A141C8F1400712C42 /* THTests.m */,
				8F3E6653141C8F1400712C42 /* Supporting Files */,
			);
			path = THTests;
			sourceTree = "<group>";
		};
		8F3E6653141C8F1400712C42 /* Supporting Files */ = {
			isa = PBXGroup;
			children = (
				8F3E6654141C8F1400712C42 /* THTests-Info.plist */,
				8F3E6655141C8F1400712C42 /* InfoPlist.strings */,
			);
			name = "Supporting Files";
			sourceTree = "<group>";
		};
		8F3E6664141C90F200712C42 /* UI */ = {
			isa = PBXGroup;
			children = (
				8FCD231214245B210097DE52 /* Reachability.h */,
				8FCD231314245B210097DE52 /* Reachability.m */,
				8F3E667C141C91D200712C42 /* ScrollingTallyDetailVC.xib */,
				8F3E667D141C91D200712C42 /* ScrollingTallyDetailVC.h */,
				8F3E667E141C91D200712C42 /* ScrollingTallyDetailVC.m */,
				8F53B7291456B9B000992D48 /* ArrowScroller.h */,
				8F53B72A1456B9B100992D48 /* ArrowScroller.m */,
				8F3E667A141C91D200712C42 /* PropertySettingsVC.h */,
				8F3E667B141C91D200712C42 /* PropertySettingsVC.m */,
				8F3E6678141C91D200712C42 /* DateSelectorVC.h */,
				8F3E6679141C91D200712C42 /* DateSelectorVC.m */,
				8F3E6686141C91D200712C42 /* TextEntryVC.h */,
				8F3E6687141C91D200712C42 /* TextEntryVC.m */,
				8FB5D35B142EF1140035B15B /* SearchSelectorVC.h */,
				8FB5D35C142EF1140035B15B /* SearchSelectorVC.m */,
				8FB5D35D142EF1140035B15B /* SearchSelectorVC.xib */,
				8F0DB421141F174400023D8E /* TableSelectorVC.h */,
				8F0DB422141F174400023D8E /* TableSelectorVC.m */,
				8F3E6681141C91D200712C42 /* SplashView.h */,
				8F3E6682141C91D200712C42 /* SplashView.m */,
				8F3E6683141C91D200712C42 /* TallyDetailVC.h */,
				8F3E6684141C91D200712C42 /* TallyDetailVC.m */,
				8F3E6685141C91D200712C42 /* TallyHomeConstants.h */,
				8F3E6639141C8F1400712C42 /* THAppDelegate.h */,
				8F3E663A141C8F1400712C42 /* THAppDelegate.m */,
				8F3E663C141C8F1400712C42 /* MainWindow.xib */,
				8F3E663F141C8F1400712C42 /* RootViewController.h */,
				8F3E6640141C8F1400712C42 /* RootViewController.m */,
				8F3E6642141C8F1400712C42 /* RootViewController.xib */,
				8F3E66A2141CCA4000712C42 /* TallyVCArray.h */,
				8F3E66A3141CCA4000712C42 /* TallyVCArray.m */,
				8F0DB41C141F084600023D8E /* InfoViewController.h */,
				8F0DB41D141F084600023D8E /* InfoViewController.m */,
				8F5FA714142A0BBE00FB3A52 /* TickingValueLabel.h */,
				8F5FA715142A0BBE00FB3A52 /* TickingValueLabel.m */,
				8F53B75E14581BCB00992D48 /* FlipLabel.h */,
				8F53B75F14581BCC00992D48 /* FlipLabel.m */,
				8F53B764145C090E00992D48 /* Flipper.h */,
				8F53B765145C090E00992D48 /* Flipper.m */,
			);
			name = UI;
			sourceTree = "<group>";
		};
		8F3E6665141C90FB00712C42 /* Core */ = {
			isa = PBXGroup;
			children = (
				8F3E6675141C917500712C42 /* THURLCreator.h */,
				8F3E6676141C917500712C42 /* THURLCreator.m */,
				8F3E6666141C915600712C42 /* THDate.h */,
				8F3E6667141C915600712C42 /* THDate.m */,
				8F3E6668141C915600712C42 /* THDateVal.h */,
				8F3E6669141C915600712C42 /* THDateVal.m */,
				8F3E666A141C915600712C42 /* THHomePriceIndex.h */,
				8F3E666B141C915600712C42 /* THHomePriceIndex.m */,
				8F3E666C141C915600712C42 /* THHomePricePath.h */,
				8F3E666D141C915600712C42 /* THHomePricePath.m */,
				8F3E666E141C915600712C42 /* THTimeSeries.h */,
				8F3E666F141C915600712C42 /* THTimeSeries.m */,
				8F5FA73B142D8FBB00FB3A52 /* THPlaceName.h */,
				8F5FA73C142D8FBB00FB3A52 /* THPlaceName.m */,
				8FE109B5143348C800A48B0B /* THLocator.h */,
				8FE109B6143348C800A48B0B /* THLocator.m */,
			);
			name = Core;
			sourceTree = "<group>";
		};
/* End PBXGroup section */

/* Begin PBXNativeTarget section */
		8F3E6625141C8F1400712C42 /* TH */ = {
			isa = PBXNativeTarget;
			buildConfigurationList = 8F3E665E141C8F1400712C42 /* Build configuration list for PBXNativeTarget "TH" */;
			buildPhases = (
				8F3E6622141C8F1400712C42 /* Sources */,
				8F3E6623141C8F1400712C42 /* Frameworks */,
				8F3E6624141C8F1400712C42 /* Resources */,
			);
			buildRules = (
			);
			dependencies = (
			);
			name = TH;
			productName = TH;
			productReference = 8F3E6626141C8F1400712C42 /* TH.app */;
			productType = "com.apple.product-type.application";
		};
		8F3E6649141C8F1400712C42 /* THTests */ = {
			isa = PBXNativeTarget;
			buildConfigurationList = 8F3E6661141C8F1400712C42 /* Build configuration list for PBXNativeTarget "THTests" */;
			buildPhases = (
				8F3E6645141C8F1400712C42 /* Sources */,
				8F3E6646141C8F1400712C42 /* Frameworks */,
				8F3E6647141C8F1400712C42 /* Resources */,
				8F3E6648141C8F1400712C42 /* ShellScript */,
			);
			buildRules = (
			);
			dependencies = (
				8F3E6651141C8F1400712C42 /* PBXTargetDependency */,
			);
			name = THTests;
			productName = THTests;
			productReference = 8F3E664A141C8F1400712C42 /* THTests.octest */;
			productType = "com.apple.product-type.bundle";
		};
/* End PBXNativeTarget section */

/* Begin PBXProject section */
		8F3E661D141C8F1400712C42 /* Project object */ = {
			isa = PBXProject;
			attributes = {
				LastUpgradeCheck = 0420;
			};
			buildConfigurationList = 8F3E6620141C8F1400712C42 /* Build configuration list for PBXProject "TH" */;
			compatibilityVersion = "Xcode 3.2";
			developmentRegion = English;
			hasScannedForEncodings = 0;
			knownRegions = (
				en,
			);
			mainGroup = 8F3E661B141C8F1400712C42;
			productRefGroup = 8F3E6627141C8F1400712C42 /* Products */;
			projectDirPath = "";
			projectRoot = "";
			targets = (
				8F3E6625141C8F1400712C42 /* TH */,
				8F3E6649141C8F1400712C42 /* THTests */,
			);
		};
/* End PBXProject section */

/* Begin PBXResourcesBuildPhase section */
		8F3E6624141C8F1400712C42 /* Resources */ = {
			isa = PBXResourcesBuildPhase;
			buildActionMask = 2147483647;
			files = (
				8F3E6635141C8F1400712C42 /* InfoPlist.strings in Resources */,
				8F3E663E141C8F1400712C42 /* MainWindow.xib in Resources */,
				8F3E6644141C8F1400712C42 /* RootViewController.xib in Resources */,
				8F3E668A141C91D200712C42 /* ScrollingTallyDetailVC.xib in Resources */,
				8F3E6692141C926F00712C42 /* AppDefaults.plist in Resources */,
				8F0DB420141F0F4D00023D8E /* InfoButtonText.html in Resources */,
				8FCD231D1424C30E0097DE52 /* AustraliaIndex.xml in Resources */,
				8F5FA722142A2A7600FB3A52 /* background.png in Resources */,
				8F5FA729142A2A9D00FB3A52 /* icon@2x.png in Resources */,
				8F5FA72B142B666200FB3A52 /* icon.png in Resources */,
				8F5FA73F142D95F400FB3A52 /* PlaceNames.csv in Resources */,
				8FB5D35F142EF1140035B15B /* SearchSelectorVC.xib in Resources */,
				8FB5D368142F002F0035B15B /* HelpBubbles@2x.png in Resources */,
				8FB5D36C142F3CA70035B15B /* HelpBubble1.png in Resources */,
				8FB5D36D142F3CA70035B15B /* HelpBubble2.png in Resources */,
				8FB5D36E142F3CA70035B15B /* HelpBubble3.png in Resources */,
				8FB5D372142F44740035B15B /* HelpBubble1@2x.png in Resources */,
				8FB5D373142F44740035B15B /* HelpBubble2@2x.png in Resources */,
				8FB5D374142F44740035B15B /* HelpBubble3@2x.png in Resources */,
				8FB5D376142F4D380035B15B /* PlaceNames_Oz.csv in Resources */,
				8FE109B31431F6D900A48B0B /* Default.png in Resources */,
				8F53B67B144ADB1900992D48 /* notes in Resources */,
				8F53B76914629C6900992D48 /* background@2x.png in Resources */,
				8F53B76A14629C6900992D48 /* Default@2x.png in Resources */,
				8F53B76C14662C9900992D48 /* arrow@2x.png in Resources */,
			);
			runOnlyForDeploymentPostprocessing = 0;
		};
		8F3E6647141C8F1400712C42 /* Resources */ = {
			isa = PBXResourcesBuildPhase;
			buildActionMask = 2147483647;
			files = (
				8F3E6657141C8F1400712C42 /* InfoPlist.strings in Resources */,
				8F3E6659141C8F1400712C42 /* THTests.h in Resources */,
			);
			runOnlyForDeploymentPostprocessing = 0;
		};
/* End PBXResourcesBuildPhase section */

/* Begin PBXShellScriptBuildPhase section */
		8F3E6648141C8F1400712C42 /* ShellScript */ = {
			isa = PBXShellScriptBuildPhase;
			buildActionMask = 2147483647;
			files = (
			);
			inputPaths = (
			);
			outputPaths = (
			);
			runOnlyForDeploymentPostprocessing = 0;
			shellPath = /bin/sh;
			shellScript = "# Run the unit tests in this test bundle.\n\"${SYSTEM_DEVELOPER_DIR}/Tools/RunUnitTests\"\n";
		};
/* End PBXShellScriptBuildPhase section */

/* Begin PBXSourcesBuildPhase section */
		8F3E6622141C8F1400712C42 /* Sources */ = {
			isa = PBXSourcesBuildPhase;
			buildActionMask = 2147483647;
			files = (
				8F3E6637141C8F1400712C42 /* main.m in Sources */,
				8F3E663B141C8F1400712C42 /* THAppDelegate.m in Sources */,
				8F3E6641141C8F1400712C42 /* RootViewController.m in Sources */,
				8F3E6670141C915600712C42 /* THDate.m in Sources */,
				8F3E6671141C915600712C42 /* THDateVal.m in Sources */,
				8F3E6672141C915600712C42 /* THHomePriceIndex.m in Sources */,
				8F3E6673141C915600712C42 /* THHomePricePath.m in Sources */,
				8F3E6674141C915600712C42 /* THTimeSeries.m in Sources */,
				8F3E6677141C917500712C42 /* THURLCreator.m in Sources */,
				8F3E6688141C91D200712C42 /* DateSelectorVC.m in Sources */,
				8F3E6689141C91D200712C42 /* PropertySettingsVC.m in Sources */,
				8F3E668B141C91D200712C42 /* ScrollingTallyDetailVC.m in Sources */,
				8F3E668D141C91D200712C42 /* SplashView.m in Sources */,
				8F3E668E141C91D200712C42 /* TallyDetailVC.m in Sources */,
				8F3E668F141C91D200712C42 /* TextEntryVC.m in Sources */,
				8F3E66A4141CCA4000712C42 /* TallyVCArray.m in Sources */,
				8F0DB41E141F084600023D8E /* InfoViewController.m in Sources */,
				8F0DB423141F174400023D8E /* TableSelectorVC.m in Sources */,
				8FCD231614245B230097DE52 /* Reachability.m in Sources */,
				8F5FA716142A0BBE00FB3A52 /* TickingValueLabel.m in Sources */,
				8F5FA73D142D8FBB00FB3A52 /* THPlaceName.m in Sources */,
				8FB5D35E142EF1140035B15B /* SearchSelectorVC.m in Sources */,
				8FE109B7143348C800A48B0B /* THLocator.m in Sources */,
				8F53B72B1456B9B100992D48 /* ArrowScroller.m in Sources */,
				8F53B76014581BCC00992D48 /* FlipLabel.m in Sources */,
				8F53B766145C090E00992D48 /* Flipper.m in Sources */,
			);
			runOnlyForDeploymentPostprocessing = 0;
		};
		8F3E6645141C8F1400712C42 /* Sources */ = {
			isa = PBXSourcesBuildPhase;
			buildActionMask = 2147483647;
			files = (
				8F3E665B141C8F1400712C42 /* THTests.m in Sources */,
			);
			runOnlyForDeploymentPostprocessing = 0;
		};
/* End PBXSourcesBuildPhase section */

/* Begin PBXTargetDependency section */
		8F3E6651141C8F1400712C42 /* PBXTargetDependency */ = {
			isa = PBXTargetDependency;
			target = 8F3E6625141C8F1400712C42 /* TH */;
			targetProxy = 8F3E6650141C8F1400712C42 /* PBXContainerItemProxy */;
		};
/* End PBXTargetDependency section */

/* Begin PBXVariantGroup section */
		8F3E6633141C8F1400712C42 /* InfoPlist.strings */ = {
			isa = PBXVariantGroup;
			children = (
				8F3E6634141C8F1400712C42 /* en */,
			);
			name = InfoPlist.strings;
			sourceTree = "<group>";
		};
		8F3E663C141C8F1400712C42 /* MainWindow.xib */ = {
			isa = PBXVariantGroup;
			children = (
				8F3E663D141C8F1400712C42 /* en */,
			);
			name = MainWindow.xib;
			sourceTree = "<group>";
		};
		8F3E6642141C8F1400712C42 /* RootViewController.xib */ = {
			isa = PBXVariantGroup;
			children = (
				8F3E6643141C8F1400712C42 /* en */,
			);
			name = RootViewController.xib;
			sourceTree = "<group>";
		};
		8F3E6655141C8F1400712C42 /* InfoPlist.strings */ = {
			isa = PBXVariantGroup;
			children = (
				8F3E6656141C8F1400712C42 /* en */,
			);
			name = InfoPlist.strings;
			sourceTree = "<group>";
		};
/* End PBXVariantGroup section */

/* Begin XCBuildConfiguration section */
		8F3E665C141C8F1400712C42 /* Debug */ = {
			isa = XCBuildConfiguration;
			buildSettings = {
				ALWAYS_SEARCH_USER_PATHS = NO;
				ARCHS = "$(ARCHS_STANDARD_32_BIT)";
				"CODE_SIGN_IDENTITY[sdk=iphoneos*]" = "iPhone Developer";
				COPY_PHASE_STRIP = NO;
				GCC_C_LANGUAGE_STANDARD = gnu99;
				GCC_DYNAMIC_NO_PIC = NO;
				GCC_OPTIMIZATION_LEVEL = 0;
				GCC_PREPROCESSOR_DEFINITIONS = (
					"DEBUG=1",
					"$(inherited)",
				);
				GCC_SYMBOLS_PRIVATE_EXTERN = NO;
				GCC_VERSION = com.apple.compilers.llvmgcc42;
				GCC_WARN_ABOUT_MISSING_PROTOTYPES = YES;
				GCC_WARN_ABOUT_RETURN_TYPE = YES;
				GCC_WARN_UNUSED_VARIABLE = YES;
				IPHONEOS_DEPLOYMENT_TARGET = 3.2.2;
				SDKROOT = iphoneos;
			};
			name = Debug;
		};
		8F3E665D141C8F1400712C42 /* Release */ = {
			isa = XCBuildConfiguration;
			buildSettings = {
				ALWAYS_SEARCH_USER_PATHS = NO;
				ARCHS = "$(ARCHS_STANDARD_32_BIT)";
				"CODE_SIGN_IDENTITY[sdk=iphoneos*]" = "iPhone Developer";
				COPY_PHASE_STRIP = YES;
				GCC_C_LANGUAGE_STANDARD = gnu99;
				GCC_VERSION = com.apple.compilers.llvmgcc42;
				GCC_WARN_ABOUT_MISSING_PROTOTYPES = YES;
				GCC_WARN_ABOUT_RETURN_TYPE = YES;
				GCC_WARN_UNUSED_VARIABLE = YES;
				IPHONEOS_DEPLOYMENT_TARGET = 3.2.2;
				OTHER_CFLAGS = "-DNS_BLOCK_ASSERTIONS=1";
				SDKROOT = iphoneos;
				VALIDATE_PRODUCT = YES;
			};
			name = Release;
		};
		8F3E665F141C8F1400712C42 /* Debug */ = {
			isa = XCBuildConfiguration;
			buildSettings = {
				ARCHS = (
					armv6,
					"$(ARCHS_STANDARD_32_BIT)",
				);
				CODE_SIGN_IDENTITY = "iPhone Developer";
				FRAMEWORK_SEARCH_PATHS = (
					"$(inherited)",
					"\"$(SRCROOT)\"",
				);
				GCC_PRECOMPILE_PREFIX_HEADER = YES;
				GCC_PREFIX_HEADER = "TH/TH-Prefix.pch";
				GCC_VERSION = com.apple.compilers.llvm.clang.1_0;
				INFOPLIST_FILE = "TH/TH-Info.plist";
				IPHONEOS_DEPLOYMENT_TARGET = 3.2.2;
				PRODUCT_NAME = "$(TARGET_NAME)";
				PROVISIONING_PROFILE = "";
				WRAPPER_EXTENSION = app;
			};
			name = Debug;
		};
		8F3E6660141C8F1400712C42 /* Release */ = {
			isa = XCBuildConfiguration;
			buildSettings = {
				CODE_SIGN_IDENTITY = "iPhone Developer";
				FRAMEWORK_SEARCH_PATHS = (
					"$(inherited)",
					"\"$(SRCROOT)\"",
				);
				GCC_PRECOMPILE_PREFIX_HEADER = YES;
				GCC_PREFIX_HEADER = "TH/TH-Prefix.pch";
				GCC_VERSION = com.apple.compilers.llvm.clang.1_0;
				INFOPLIST_FILE = "TH/TH-Info.plist";
				IPHONEOS_DEPLOYMENT_TARGET = 3.2.2;
				PRODUCT_NAME = "$(TARGET_NAME)";
				PROVISIONING_PROFILE = "";
				WRAPPER_EXTENSION = app;
			};
			name = Release;
		};
		8F3E6662141C8F1400712C42 /* Debug */ = {
			isa = XCBuildConfiguration;
			buildSettings = {
				BUNDLE_LOADER = "$(BUILT_PRODUCTS_DIR)/TH.app/TH";
				FRAMEWORK_SEARCH_PATHS = (
					"$(SDKROOT)/Developer/Library/Frameworks",
					"$(DEVELOPER_LIBRARY_DIR)/Frameworks",
				);
				GCC_PRECOMPILE_PREFIX_HEADER = YES;
				GCC_PREFIX_HEADER = "TH/TH-Prefix.pch";
				GCC_VERSION = com.apple.compilers.llvm.clang.1_0;
				INFOPLIST_FILE = "THTests/THTests-Info.plist";
				PRODUCT_NAME = "$(TARGET_NAME)";
				TEST_HOST = "$(BUNDLE_LOADER)";
				WRAPPER_EXTENSION = octest;
			};
			name = Debug;
		};
		8F3E6663141C8F1400712C42 /* Release */ = {
			isa = XCBuildConfiguration;
			buildSettings = {
				BUNDLE_LOADER = "$(BUILT_PRODUCTS_DIR)/TH.app/TH";
				FRAMEWORK_SEARCH_PATHS = (
					"$(SDKROOT)/Developer/Library/Frameworks",
					"$(DEVELOPER_LIBRARY_DIR)/Frameworks",
				);
				GCC_PRECOMPILE_PREFIX_HEADER = YES;
				GCC_PREFIX_HEADER = "TH/TH-Prefix.pch";
				GCC_VERSION = com.apple.compilers.llvm.clang.1_0;
				INFOPLIST_FILE = "THTests/THTests-Info.plist";
				PRODUCT_NAME = "$(TARGET_NAME)";
				TEST_HOST = "$(BUNDLE_LOADER)";
				WRAPPER_EXTENSION = octest;
			};
			name = Release;
		};
		8F5FA717142A188900FB3A52 /* Distribution */ = {
			isa = XCBuildConfiguration;
			buildSettings = {
				ALWAYS_SEARCH_USER_PATHS = NO;
				ARCHS = "$(ARCHS_STANDARD_32_BIT)";
				"CODE_SIGN_IDENTITY[sdk=iphoneos*]" = "iPhone Distribution";
				COPY_PHASE_STRIP = YES;
				GCC_C_LANGUAGE_STANDARD = gnu99;
				GCC_VERSION = com.apple.compilers.llvmgcc42;
				GCC_WARN_ABOUT_MISSING_PROTOTYPES = YES;
				GCC_WARN_ABOUT_RETURN_TYPE = YES;
				GCC_WARN_UNUSED_VARIABLE = YES;
				IPHONEOS_DEPLOYMENT_TARGET = 3.2.2;
				OTHER_CFLAGS = "-DNS_BLOCK_ASSERTIONS=1";
				"PROVISIONING_PROFILE[sdk=iphoneos*]" = "";
				SDKROOT = iphoneos;
				VALIDATE_PRODUCT = YES;
			};
			name = Distribution;
		};
		8F5FA718142A188900FB3A52 /* Distribution */ = {
			isa = XCBuildConfiguration;
			buildSettings = {
				CODE_SIGN_IDENTITY = "iPhone Distribution: Mark Blackwell";
				"CODE_SIGN_IDENTITY[sdk=iphoneos*]" = "iPhone Distribution: Mark Blackwell";
				FRAMEWORK_SEARCH_PATHS = (
					"$(inherited)",
					"\"$(SRCROOT)\"",
				);
				GCC_PRECOMPILE_PREFIX_HEADER = YES;
				GCC_PREFIX_HEADER = "TH/TH-Prefix.pch";
				GCC_VERSION = com.apple.compilers.llvm.clang.1_0;
				INFOPLIST_FILE = "TH/TH-Info.plist";
				IPHONEOS_DEPLOYMENT_TARGET = 3.2.2;
				PRODUCT_NAME = "$(TARGET_NAME)";
				PROVISIONING_PROFILE = "0AEDDDC7-EED6-4B5F-A317-EFB95F371BA4";
				"PROVISIONING_PROFILE[sdk=iphoneos*]" = "0AEDDDC7-EED6-4B5F-A317-EFB95F371BA4";
				WRAPPER_EXTENSION = app;
			};
			name = Distribution;
		};
		8F5FA719142A188900FB3A52 /* Distribution */ = {
			isa = XCBuildConfiguration;
			buildSettings = {
				BUNDLE_LOADER = "$(BUILT_PRODUCTS_DIR)/TH.app/TH";
				FRAMEWORK_SEARCH_PATHS = (
					"$(SDKROOT)/Developer/Library/Frameworks",
					"$(DEVELOPER_LIBRARY_DIR)/Frameworks",
				);
				GCC_PRECOMPILE_PREFIX_HEADER = YES;
				GCC_PREFIX_HEADER = "TH/TH-Prefix.pch";
				GCC_VERSION = com.apple.compilers.llvm.clang.1_0;
				INFOPLIST_FILE = "THTests/THTests-Info.plist";
				PRODUCT_NAME = "$(TARGET_NAME)";
				TEST_HOST = "$(BUNDLE_LOADER)";
				WRAPPER_EXTENSION = octest;
			};
			name = Distribution;
		};
/* End XCBuildConfiguration section */

/* Begin XCConfigurationList section */
		8F3E6620141C8F1400712C42 /* Build configuration list for PBXProject "TH" */ = {
			isa = XCConfigurationList;
			buildConfigurations = (
				8F3E665C141C8F1400712C42 /* Debug */,
				8F3E665D141C8F1400712C42 /* Release */,
				8F5FA717142A188900FB3A52 /* Distribution */,
			);
			defaultConfigurationIsVisible = 0;
			defaultConfigurationName = Release;
		};
		8F3E665E141C8F1400712C42 /* Build configuration list for PBXNativeTarget "TH" */ = {
			isa = XCConfigurationList;
			buildConfigurations = (
				8F3E665F141C8F1400712C42 /* Debug */,
				8F3E6660141C8F1400712C42 /* Release */,
				8F5FA718142A188900FB3A52 /* Distribution */,
			);
			defaultConfigurationIsVisible = 0;
			defaultConfigurationName = Release;
		};
		8F3E6661141C8F1400712C42 /* Build configuration list for PBXNativeTarget "THTests" */ = {
			isa = XCConfigurationList;
			buildConfigurations = (
				8F3E6662141C8F1400712C42 /* Debug */,
				8F3E6663141C8F1400712C42 /* Release */,
				8F5FA719142A188900FB3A52 /* Distribution */,
			);
			defaultConfigurationIsVisible = 0;
			defaultConfigurationName = Release;
		};
/* End XCConfigurationList section */
	};
	rootObject = 8F3E661D141C8F1400712C42 /* Project object */;
}
