// !$*UTF8*$!
{
	archiveVersion = 1;
	classes = {
	};
	objectVersion = 46;
	objects = {

/* Begin PBXBuildFile section */
		4D055A63139A1E0600F13781 /* UIKit.framework in Frameworks */ = {isa = PBXBuildFile; fileRef = 4D055A62139A1E0600F13781 /* UIKit.framework */; };
		4D055A65139A1E0600F13781 /* Foundation.framework in Frameworks */ = {isa = PBXBuildFile; fileRef = 4D055A64139A1E0600F13781 /* Foundation.framework */; };
		4D055A67139A1E0600F13781 /* CoreGraphics.framework in Frameworks */ = {isa = PBXBuildFile; fileRef = 4D055A66139A1E0600F13781 /* CoreGraphics.framework */; };
		4D055A6D139A1E0600F13781 /* InfoPlist.strings in Resources */ = {isa = PBXBuildFile; fileRef = 4D055A6B139A1E0600F13781 /* InfoPlist.strings */; };
		4D055A70139A1E0600F13781 /* main.m in Sources */ = {isa = PBXBuildFile; fileRef = 4D055A6F139A1E0600F13781 /* main.m */; };
		4D055A73139A1E0600F13781 /* TallyHomeAppDelegate.m in Sources */ = {isa = PBXBuildFile; fileRef = 4D055A72139A1E0600F13781 /* TallyHomeAppDelegate.m */; };
		4D055A76139A1E0600F13781 /* MainWindow.xib in Resources */ = {isa = PBXBuildFile; fileRef = 4D055A74139A1E0600F13781 /* MainWindow.xib */; };
		4D055A79139A1E0600F13781 /* RootViewController.m in Sources */ = {isa = PBXBuildFile; fileRef = 4D055A78139A1E0600F13781 /* RootViewController.m */; };
		4D055A7C139A1E0600F13781 /* RootViewController.xib in Resources */ = {isa = PBXBuildFile; fileRef = 4D055A7A139A1E0600F13781 /* RootViewController.xib */; };
		4D055A83139A1E0600F13781 /* UIKit.framework in Frameworks */ = {isa = PBXBuildFile; fileRef = 4D055A62139A1E0600F13781 /* UIKit.framework */; };
		4D055A84139A1E0600F13781 /* Foundation.framework in Frameworks */ = {isa = PBXBuildFile; fileRef = 4D055A64139A1E0600F13781 /* Foundation.framework */; };
		4D055A85139A1E0600F13781 /* CoreGraphics.framework in Frameworks */ = {isa = PBXBuildFile; fileRef = 4D055A66139A1E0600F13781 /* CoreGraphics.framework */; };
		4D055A8D139A1E0600F13781 /* InfoPlist.strings in Resources */ = {isa = PBXBuildFile; fileRef = 4D055A8B139A1E0600F13781 /* InfoPlist.strings */; };
		4D055A90139A1E0600F13781 /* TallyHomeTests.h in Resources */ = {isa = PBXBuildFile; fileRef = 4D055A8F139A1E0600F13781 /* TallyHomeTests.h */; };
		4D055A92139A1E0600F13781 /* TallyHomeTests.m in Sources */ = {isa = PBXBuildFile; fileRef = 4D055A91139A1E0600F13781 /* TallyHomeTests.m */; };
		4D47236A13ADB5DA00309C25 /* THDate.m in Sources */ = {isa = PBXBuildFile; fileRef = 4D47236913ADB5DA00309C25 /* THDate.m */; };
		4D7383CE139A1FF60087CCDC /* PricePath.m in Sources */ = {isa = PBXBuildFile; fileRef = 4D7383CC139A1FF60087CCDC /* PricePath.m */; };
		4D73841A139A20660087CCDC /* libCorePlot-CocoaTouch.a in Frameworks */ = {isa = PBXBuildFile; fileRef = 4D738419139A20660087CCDC /* libCorePlot-CocoaTouch.a */; };
		4D73841C139A21FF0087CCDC /* QuartzCore.framework in Frameworks */ = {isa = PBXBuildFile; fileRef = 4D73841B139A21FF0087CCDC /* QuartzCore.framework */; };
		4DA28EC213A2DE6D001D13BD /* THIndex.m in Sources */ = {isa = PBXBuildFile; fileRef = 4DA28EC113A2DE6D001D13BD /* THIndex.m */; };
		4DA28EC613A2E97D001D13BD /* THIndice.m in Sources */ = {isa = PBXBuildFile; fileRef = 4DA28EC513A2E97D001D13BD /* THIndice.m */; };
		4DAABCC6139B220C00E868A7 /* PricePathTests.m in Sources */ = {isa = PBXBuildFile; fileRef = 4DAABCC5139B220C00E868A7 /* PricePathTests.m */; };
		4DAABCC9139B2A1C00E868A7 /* price_events.xml in Resources */ = {isa = PBXBuildFile; fileRef = 4DAABCC8139B2A1C00E868A7 /* price_events.xml */; };
		4DAABCCC139B8ABF00E868A7 /* HomePriceIndex.m in Sources */ = {isa = PBXBuildFile; fileRef = 4DAABCCB139B8ABF00E868A7 /* HomePriceIndex.m */; };
/* End PBXBuildFile section */

/* Begin PBXContainerItemProxy section */
		4D055A86139A1E0600F13781 /* PBXContainerItemProxy */ = {
			isa = PBXContainerItemProxy;
			containerPortal = 4D055A55139A1E0500F13781 /* Project object */;
			proxyType = 1;
			remoteGlobalIDString = 4D055A5D139A1E0600F13781;
			remoteInfo = TallyHome;
		};
/* End PBXContainerItemProxy section */

/* Begin PBXFileReference section */
		4D055A5E139A1E0600F13781 /* TallyHome.app */ = {isa = PBXFileReference; explicitFileType = wrapper.application; includeInIndex = 0; path = TallyHome.app; sourceTree = BUILT_PRODUCTS_DIR; };
		4D055A62139A1E0600F13781 /* UIKit.framework */ = {isa = PBXFileReference; lastKnownFileType = wrapper.framework; name = UIKit.framework; path = System/Library/Frameworks/UIKit.framework; sourceTree = SDKROOT; };
		4D055A64139A1E0600F13781 /* Foundation.framework */ = {isa = PBXFileReference; lastKnownFileType = wrapper.framework; name = Foundation.framework; path = System/Library/Frameworks/Foundation.framework; sourceTree = SDKROOT; };
		4D055A66139A1E0600F13781 /* CoreGraphics.framework */ = {isa = PBXFileReference; lastKnownFileType = wrapper.framework; name = CoreGraphics.framework; path = System/Library/Frameworks/CoreGraphics.framework; sourceTree = SDKROOT; };
		4D055A6A139A1E0600F13781 /* TallyHome-Info.plist */ = {isa = PBXFileReference; lastKnownFileType = text.plist.xml; path = "TallyHome-Info.plist"; sourceTree = "<group>"; };
		4D055A6C139A1E0600F13781 /* en */ = {isa = PBXFileReference; lastKnownFileType = text.plist.strings; name = en; path = en.lproj/InfoPlist.strings; sourceTree = "<group>"; };
		4D055A6E139A1E0600F13781 /* TallyHome-Prefix.pch */ = {isa = PBXFileReference; lastKnownFileType = sourcecode.c.h; path = "TallyHome-Prefix.pch"; sourceTree = "<group>"; };
		4D055A6F139A1E0600F13781 /* main.m */ = {isa = PBXFileReference; lastKnownFileType = sourcecode.c.objc; path = main.m; sourceTree = "<group>"; };
		4D055A71139A1E0600F13781 /* TallyHomeAppDelegate.h */ = {isa = PBXFileReference; lastKnownFileType = sourcecode.c.h; path = TallyHomeAppDelegate.h; sourceTree = "<group>"; };
		4D055A72139A1E0600F13781 /* TallyHomeAppDelegate.m */ = {isa = PBXFileReference; lastKnownFileType = sourcecode.c.objc; path = TallyHomeAppDelegate.m; sourceTree = "<group>"; };
		4D055A75139A1E0600F13781 /* en */ = {isa = PBXFileReference; lastKnownFileType = file.xib; name = en; path = en.lproj/MainWindow.xib; sourceTree = "<group>"; };
		4D055A77139A1E0600F13781 /* RootViewController.h */ = {isa = PBXFileReference; lastKnownFileType = sourcecode.c.h; path = RootViewController.h; sourceTree = "<group>"; };
		4D055A78139A1E0600F13781 /* RootViewController.m */ = {isa = PBXFileReference; lastKnownFileType = sourcecode.c.objc; path = RootViewController.m; sourceTree = "<group>"; };
		4D055A7B139A1E0600F13781 /* en */ = {isa = PBXFileReference; lastKnownFileType = file.xib; name = en; path = en.lproj/RootViewController.xib; sourceTree = "<group>"; };
		4D055A82139A1E0600F13781 /* TallyHomeTests.octest */ = {isa = PBXFileReference; explicitFileType = wrapper.cfbundle; includeInIndex = 0; path = TallyHomeTests.octest; sourceTree = BUILT_PRODUCTS_DIR; };
		4D055A8A139A1E0600F13781 /* TallyHomeTests-Info.plist */ = {isa = PBXFileReference; lastKnownFileType = text.plist.xml; path = "TallyHomeTests-Info.plist"; sourceTree = "<group>"; };
		4D055A8C139A1E0600F13781 /* en */ = {isa = PBXFileReference; lastKnownFileType = text.plist.strings; name = en; path = en.lproj/InfoPlist.strings; sourceTree = "<group>"; };
		4D055A8E139A1E0600F13781 /* TallyHomeTests-Prefix.pch */ = {isa = PBXFileReference; lastKnownFileType = sourcecode.c.h; path = "TallyHomeTests-Prefix.pch"; sourceTree = "<group>"; };
		4D055A8F139A1E0600F13781 /* TallyHomeTests.h */ = {isa = PBXFileReference; lastKnownFileType = sourcecode.c.h; path = TallyHomeTests.h; sourceTree = "<group>"; };
		4D055A91139A1E0600F13781 /* TallyHomeTests.m */ = {isa = PBXFileReference; lastKnownFileType = sourcecode.c.objc; path = TallyHomeTests.m; sourceTree = "<group>"; };
		4D47236813ADB5DA00309C25 /* THDate.h */ = {isa = PBXFileReference; fileEncoding = 4; lastKnownFileType = sourcecode.c.h; path = THDate.h; sourceTree = "<group>"; };
		4D47236913ADB5DA00309C25 /* THDate.m */ = {isa = PBXFileReference; fileEncoding = 4; lastKnownFileType = sourcecode.c.objc; path = THDate.m; sourceTree = "<group>"; };
		4D7383CB139A1FF60087CCDC /* PricePath.h */ = {isa = PBXFileReference; fileEncoding = 4; lastKnownFileType = sourcecode.c.h; path = PricePath.h; sourceTree = "<group>"; };
		4D7383CC139A1FF60087CCDC /* PricePath.m */ = {isa = PBXFileReference; fileEncoding = 4; lastKnownFileType = sourcecode.c.objc; path = PricePath.m; sourceTree = "<group>"; };
		4D7383D1139A20560087CCDC /* _CPFillColor.h */ = {isa = PBXFileReference; fileEncoding = 4; lastKnownFileType = sourcecode.c.h; path = _CPFillColor.h; sourceTree = "<group>"; };
		4D7383D2139A20560087CCDC /* _CPFillGradient.h */ = {isa = PBXFileReference; fileEncoding = 4; lastKnownFileType = sourcecode.c.h; path = _CPFillGradient.h; sourceTree = "<group>"; };
		4D7383D3139A20560087CCDC /* _CPFillImage.h */ = {isa = PBXFileReference; fileEncoding = 4; lastKnownFileType = sourcecode.c.h; path = _CPFillImage.h; sourceTree = "<group>"; };
		4D7383D4139A20560087CCDC /* CorePlot-CocoaTouch.h */ = {isa = PBXFileReference; fileEncoding = 4; lastKnownFileType = sourcecode.c.h; path = "CorePlot-CocoaTouch.h"; sourceTree = "<group>"; };
		4D7383D5139A20560087CCDC /* CPAnnotation.h */ = {isa = PBXFileReference; fileEncoding = 4; lastKnownFileType = sourcecode.c.h; path = CPAnnotation.h; sourceTree = "<group>"; };
		4D7383D6139A20560087CCDC /* CPAnnotationHostLayer.h */ = {isa = PBXFileReference; fileEncoding = 4; lastKnownFileType = sourcecode.c.h; path = CPAnnotationHostLayer.h; sourceTree = "<group>"; };
		4D7383D7139A20560087CCDC /* CPAxis.h */ = {isa = PBXFileReference; fileEncoding = 4; lastKnownFileType = sourcecode.c.h; path = CPAxis.h; sourceTree = "<group>"; };
		4D7383D8139A20560087CCDC /* CPAxisLabel.h */ = {isa = PBXFileReference; fileEncoding = 4; lastKnownFileType = sourcecode.c.h; path = CPAxisLabel.h; sourceTree = "<group>"; };
		4D7383D9139A20560087CCDC /* CPAxisLabelGroup.h */ = {isa = PBXFileReference; fileEncoding = 4; lastKnownFileType = sourcecode.c.h; path = CPAxisLabelGroup.h; sourceTree = "<group>"; };
		4D7383DA139A20560087CCDC /* CPAxisSet.h */ = {isa = PBXFileReference; fileEncoding = 4; lastKnownFileType = sourcecode.c.h; path = CPAxisSet.h; sourceTree = "<group>"; };
		4D7383DB139A20560087CCDC /* CPAxisTitle.h */ = {isa = PBXFileReference; fileEncoding = 4; lastKnownFileType = sourcecode.c.h; path = CPAxisTitle.h; sourceTree = "<group>"; };
		4D7383DC139A20560087CCDC /* CPBarPlot.h */ = {isa = PBXFileReference; fileEncoding = 4; lastKnownFileType = sourcecode.c.h; path = CPBarPlot.h; sourceTree = "<group>"; };
		4D7383DD139A20560087CCDC /* CPBorderedLayer.h */ = {isa = PBXFileReference; fileEncoding = 4; lastKnownFileType = sourcecode.c.h; path = CPBorderedLayer.h; sourceTree = "<group>"; };
		4D7383DE139A20560087CCDC /* CPColor.h */ = {isa = PBXFileReference; fileEncoding = 4; lastKnownFileType = sourcecode.c.h; path = CPColor.h; sourceTree = "<group>"; };
		4D7383DF139A20560087CCDC /* CPColorSpace.h */ = {isa = PBXFileReference; fileEncoding = 4; lastKnownFileType = sourcecode.c.h; path = CPColorSpace.h; sourceTree = "<group>"; };
		4D7383E0139A20560087CCDC /* CPConstrainedPosition.h */ = {isa = PBXFileReference; fileEncoding = 4; lastKnownFileType = sourcecode.c.h; path = CPConstrainedPosition.h; sourceTree = "<group>"; };
		4D7383E1139A20560087CCDC /* CPDarkGradientTheme.h */ = {isa = PBXFileReference; fileEncoding = 4; lastKnownFileType = sourcecode.c.h; path = CPDarkGradientTheme.h; sourceTree = "<group>"; };
		4D7383E2139A20560087CCDC /* CPDefinitions.h */ = {isa = PBXFileReference; fileEncoding = 4; lastKnownFileType = sourcecode.c.h; path = CPDefinitions.h; sourceTree = "<group>"; };
		4D7383E3139A20560087CCDC /* CPExceptions.h */ = {isa = PBXFileReference; fileEncoding = 4; lastKnownFileType = sourcecode.c.h; path = CPExceptions.h; sourceTree = "<group>"; };
		4D7383E4139A20560087CCDC /* CPFill.h */ = {isa = PBXFileReference; fileEncoding = 4; lastKnownFileType = sourcecode.c.h; path = CPFill.h; sourceTree = "<group>"; };
		4D7383E5139A20560087CCDC /* CPGradient.h */ = {isa = PBXFileReference; fileEncoding = 4; lastKnownFileType = sourcecode.c.h; path = CPGradient.h; sourceTree = "<group>"; };
		4D7383E6139A20560087CCDC /* CPGraph.h */ = {isa = PBXFileReference; fileEncoding = 4; lastKnownFileType = sourcecode.c.h; path = CPGraph.h; sourceTree = "<group>"; };
		4D7383E7139A20560087CCDC /* CPGraphHostingView.h */ = {isa = PBXFileReference; fileEncoding = 4; lastKnownFileType = sourcecode.c.h; path = CPGraphHostingView.h; sourceTree = "<group>"; };
		4D7383E8139A20560087CCDC /* CPGridLineGroup.h */ = {isa = PBXFileReference; fileEncoding = 4; lastKnownFileType = sourcecode.c.h; path = CPGridLineGroup.h; sourceTree = "<group>"; };
		4D7383E9139A20560087CCDC /* CPGridLines.h */ = {isa = PBXFileReference; fileEncoding = 4; lastKnownFileType = sourcecode.c.h; path = CPGridLines.h; sourceTree = "<group>"; };
		4D7383EA139A20560087CCDC /* CPImage.h */ = {isa = PBXFileReference; fileEncoding = 4; lastKnownFileType = sourcecode.c.h; path = CPImage.h; sourceTree = "<group>"; };
		4D7383EB139A20560087CCDC /* CPLayer.h */ = {isa = PBXFileReference; fileEncoding = 4; lastKnownFileType = sourcecode.c.h; path = CPLayer.h; sourceTree = "<group>"; };
		4D7383EC139A20560087CCDC /* CPLayerAnnotation.h */ = {isa = PBXFileReference; fileEncoding = 4; lastKnownFileType = sourcecode.c.h; path = CPLayerAnnotation.h; sourceTree = "<group>"; };
		4D7383ED139A20560087CCDC /* CPLayoutManager.h */ = {isa = PBXFileReference; fileEncoding = 4; lastKnownFileType = sourcecode.c.h; path = CPLayoutManager.h; sourceTree = "<group>"; };
		4D7383EE139A20560087CCDC /* CPLimitBand.h */ = {isa = PBXFileReference; fileEncoding = 4; lastKnownFileType = sourcecode.c.h; path = CPLimitBand.h; sourceTree = "<group>"; };
		4D7383EF139A20560087CCDC /* CPLineStyle.h */ = {isa = PBXFileReference; fileEncoding = 4; lastKnownFileType = sourcecode.c.h; path = CPLineStyle.h; sourceTree = "<group>"; };
		4D7383F0139A20560087CCDC /* CPMutableLineStyle.h */ = {isa = PBXFileReference; fileEncoding = 4; lastKnownFileType = sourcecode.c.h; path = CPMutableLineStyle.h; sourceTree = "<group>"; };
		4D7383F1139A20560087CCDC /* CPMutableNumericData+TypeConversion.h */ = {isa = PBXFileReference; fileEncoding = 4; lastKnownFileType = sourcecode.c.h; path = "CPMutableNumericData+TypeConversion.h"; sourceTree = "<group>"; };
		4D7383F2139A20560087CCDC /* CPMutableNumericData.h */ = {isa = PBXFileReference; fileEncoding = 4; lastKnownFileType = sourcecode.c.h; path = CPMutableNumericData.h; sourceTree = "<group>"; };
		4D7383F3139A20560087CCDC /* CPMutableTextStyle.h */ = {isa = PBXFileReference; fileEncoding = 4; lastKnownFileType = sourcecode.c.h; path = CPMutableTextStyle.h; sourceTree = "<group>"; };
		4D7383F4139A20560087CCDC /* CPNumericData+TypeConversion.h */ = {isa = PBXFileReference; fileEncoding = 4; lastKnownFileType = sourcecode.c.h; path = "CPNumericData+TypeConversion.h"; sourceTree = "<group>"; };
		4D7383F5139A20560087CCDC /* CPNumericData.h */ = {isa = PBXFileReference; fileEncoding = 4; lastKnownFileType = sourcecode.c.h; path = CPNumericData.h; sourceTree = "<group>"; };
		4D7383F6139A20560087CCDC /* CPNumericDataType.h */ = {isa = PBXFileReference; fileEncoding = 4; lastKnownFileType = sourcecode.c.h; path = CPNumericDataType.h; sourceTree = "<group>"; };
		4D7383F7139A20560087CCDC /* CPPathExtensions.h */ = {isa = PBXFileReference; fileEncoding = 4; lastKnownFileType = sourcecode.c.h; path = CPPathExtensions.h; sourceTree = "<group>"; };
		4D7383F8139A20560087CCDC /* CPPieChart.h */ = {isa = PBXFileReference; fileEncoding = 4; lastKnownFileType = sourcecode.c.h; path = CPPieChart.h; sourceTree = "<group>"; };
		4D7383F9139A20560087CCDC /* CPPlainBlackTheme.h */ = {isa = PBXFileReference; fileEncoding = 4; lastKnownFileType = sourcecode.c.h; path = CPPlainBlackTheme.h; sourceTree = "<group>"; };
		4D7383FA139A20560087CCDC /* CPPlainWhiteTheme.h */ = {isa = PBXFileReference; fileEncoding = 4; lastKnownFileType = sourcecode.c.h; path = CPPlainWhiteTheme.h; sourceTree = "<group>"; };
		4D7383FB139A20560087CCDC /* CPPlatformSpecificCategories.h */ = {isa = PBXFileReference; fileEncoding = 4; lastKnownFileType = sourcecode.c.h; path = CPPlatformSpecificCategories.h; sourceTree = "<group>"; };
		4D7383FC139A20560087CCDC /* CPPlatformSpecificDefines.h */ = {isa = PBXFileReference; fileEncoding = 4; lastKnownFileType = sourcecode.c.h; path = CPPlatformSpecificDefines.h; sourceTree = "<group>"; };
		4D7383FD139A20560087CCDC /* CPPlatformSpecificFunctions.h */ = {isa = PBXFileReference; fileEncoding = 4; lastKnownFileType = sourcecode.c.h; path = CPPlatformSpecificFunctions.h; sourceTree = "<group>"; };
		4D7383FE139A20560087CCDC /* CPPlot.h */ = {isa = PBXFileReference; fileEncoding = 4; lastKnownFileType = sourcecode.c.h; path = CPPlot.h; sourceTree = "<group>"; };
		4D7383FF139A20560087CCDC /* CPPlotArea.h */ = {isa = PBXFileReference; fileEncoding = 4; lastKnownFileType = sourcecode.c.h; path = CPPlotArea.h; sourceTree = "<group>"; };
		4D738400139A20560087CCDC /* CPPlotAreaFrame.h */ = {isa = PBXFileReference; fileEncoding = 4; lastKnownFileType = sourcecode.c.h; path = CPPlotAreaFrame.h; sourceTree = "<group>"; };
		4D738401139A20560087CCDC /* CPPlotGroup.h */ = {isa = PBXFileReference; fileEncoding = 4; lastKnownFileType = sourcecode.c.h; path = CPPlotGroup.h; sourceTree = "<group>"; };
		4D738402139A20560087CCDC /* CPPlotRange.h */ = {isa = PBXFileReference; fileEncoding = 4; lastKnownFileType = sourcecode.c.h; path = CPPlotRange.h; sourceTree = "<group>"; };
		4D738403139A20560087CCDC /* CPPlotSpace.h */ = {isa = PBXFileReference; fileEncoding = 4; lastKnownFileType = sourcecode.c.h; path = CPPlotSpace.h; sourceTree = "<group>"; };
		4D738404139A20560087CCDC /* CPPlotSpaceAnnotation.h */ = {isa = PBXFileReference; fileEncoding = 4; lastKnownFileType = sourcecode.c.h; path = CPPlotSpaceAnnotation.h; sourceTree = "<group>"; };
		4D738405139A20560087CCDC /* CPPlotSymbol.h */ = {isa = PBXFileReference; fileEncoding = 4; lastKnownFileType = sourcecode.c.h; path = CPPlotSymbol.h; sourceTree = "<group>"; };
		4D738406139A20560087CCDC /* CPPolarPlotSpace.h */ = {isa = PBXFileReference; fileEncoding = 4; lastKnownFileType = sourcecode.c.h; path = CPPolarPlotSpace.h; sourceTree = "<group>"; };
		4D738407139A20560087CCDC /* CPRangePlot.h */ = {isa = PBXFileReference; fileEncoding = 4; lastKnownFileType = sourcecode.c.h; path = CPRangePlot.h; sourceTree = "<group>"; };
		4D738408139A20560087CCDC /* CPResponder.h */ = {isa = PBXFileReference; fileEncoding = 4; lastKnownFileType = sourcecode.c.h; path = CPResponder.h; sourceTree = "<group>"; };
		4D738409139A20560087CCDC /* CPScatterPlot.h */ = {isa = PBXFileReference; fileEncoding = 4; lastKnownFileType = sourcecode.c.h; path = CPScatterPlot.h; sourceTree = "<group>"; };
		4D73840A139A20560087CCDC /* CPSlateTheme.h */ = {isa = PBXFileReference; fileEncoding = 4; lastKnownFileType = sourcecode.c.h; path = CPSlateTheme.h; sourceTree = "<group>"; };
		4D73840B139A20560087CCDC /* CPStocksTheme.h */ = {isa = PBXFileReference; fileEncoding = 4; lastKnownFileType = sourcecode.c.h; path = CPStocksTheme.h; sourceTree = "<group>"; };
		4D73840C139A20560087CCDC /* CPTextLayer.h */ = {isa = PBXFileReference; fileEncoding = 4; lastKnownFileType = sourcecode.c.h; path = CPTextLayer.h; sourceTree = "<group>"; };
		4D73840D139A20560087CCDC /* CPTextStyle.h */ = {isa = PBXFileReference; fileEncoding = 4; lastKnownFileType = sourcecode.c.h; path = CPTextStyle.h; sourceTree = "<group>"; };
		4D73840E139A20560087CCDC /* CPTheme.h */ = {isa = PBXFileReference; fileEncoding = 4; lastKnownFileType = sourcecode.c.h; path = CPTheme.h; sourceTree = "<group>"; };
		4D73840F139A20560087CCDC /* CPTimeFormatter.h */ = {isa = PBXFileReference; fileEncoding = 4; lastKnownFileType = sourcecode.c.h; path = CPTimeFormatter.h; sourceTree = "<group>"; };
		4D738410139A20560087CCDC /* CPTradingRangePlot.h */ = {isa = PBXFileReference; fileEncoding = 4; lastKnownFileType = sourcecode.c.h; path = CPTradingRangePlot.h; sourceTree = "<group>"; };
		4D738411139A20560087CCDC /* CPUtilities.h */ = {isa = PBXFileReference; fileEncoding = 4; lastKnownFileType = sourcecode.c.h; path = CPUtilities.h; sourceTree = "<group>"; };
		4D738412139A20560087CCDC /* CPXYAxis.h */ = {isa = PBXFileReference; fileEncoding = 4; lastKnownFileType = sourcecode.c.h; path = CPXYAxis.h; sourceTree = "<group>"; };
		4D738413139A20560087CCDC /* CPXYAxisSet.h */ = {isa = PBXFileReference; fileEncoding = 4; lastKnownFileType = sourcecode.c.h; path = CPXYAxisSet.h; sourceTree = "<group>"; };
		4D738414139A20560087CCDC /* CPXYGraph.h */ = {isa = PBXFileReference; fileEncoding = 4; lastKnownFileType = sourcecode.c.h; path = CPXYGraph.h; sourceTree = "<group>"; };
		4D738415139A20560087CCDC /* CPXYPlotSpace.h */ = {isa = PBXFileReference; fileEncoding = 4; lastKnownFileType = sourcecode.c.h; path = CPXYPlotSpace.h; sourceTree = "<group>"; };
		4D738416139A20560087CCDC /* CPXYTheme.h */ = {isa = PBXFileReference; fileEncoding = 4; lastKnownFileType = sourcecode.c.h; path = CPXYTheme.h; sourceTree = "<group>"; };
		4D738417139A20560087CCDC /* NSDecimalNumberExtensions.h */ = {isa = PBXFileReference; fileEncoding = 4; lastKnownFileType = sourcecode.c.h; path = NSDecimalNumberExtensions.h; sourceTree = "<group>"; };
		4D738418139A20560087CCDC /* NSNumberExtensions.h */ = {isa = PBXFileReference; fileEncoding = 4; lastKnownFileType = sourcecode.c.h; path = NSNumberExtensions.h; sourceTree = "<group>"; };
		4D738419139A20660087CCDC /* libCorePlot-CocoaTouch.a */ = {isa = PBXFileReference; lastKnownFileType = archive.ar; path = "libCorePlot-CocoaTouch.a"; sourceTree = "<group>"; };
		4D73841B139A21FF0087CCDC /* QuartzCore.framework */ = {isa = PBXFileReference; lastKnownFileType = wrapper.framework; name = QuartzCore.framework; path = ../../../../../../System/Library/Frameworks/QuartzCore.framework; sourceTree = "<group>"; };
		4DA28EC013A2DE6D001D13BD /* THIndex.h */ = {isa = PBXFileReference; fileEncoding = 4; lastKnownFileType = sourcecode.c.h; path = THIndex.h; sourceTree = "<group>"; };
		4DA28EC113A2DE6D001D13BD /* THIndex.m */ = {isa = PBXFileReference; fileEncoding = 4; lastKnownFileType = sourcecode.c.objc; path = THIndex.m; sourceTree = "<group>"; };
		4DA28EC413A2E97C001D13BD /* THIndice.h */ = {isa = PBXFileReference; fileEncoding = 4; lastKnownFileType = sourcecode.c.h; path = THIndice.h; sourceTree = "<group>"; };
		4DA28EC513A2E97D001D13BD /* THIndice.m */ = {isa = PBXFileReference; fileEncoding = 4; lastKnownFileType = sourcecode.c.objc; path = THIndice.m; sourceTree = "<group>"; };
		4DAABCC4139B220C00E868A7 /* PricePathTests.h */ = {isa = PBXFileReference; fileEncoding = 4; lastKnownFileType = sourcecode.c.h; path = PricePathTests.h; sourceTree = "<group>"; };
		4DAABCC5139B220C00E868A7 /* PricePathTests.m */ = {isa = PBXFileReference; fileEncoding = 4; lastKnownFileType = sourcecode.c.objc; path = PricePathTests.m; sourceTree = "<group>"; };
		4DAABCC8139B2A1C00E868A7 /* price_events.xml */ = {isa = PBXFileReference; fileEncoding = 4; lastKnownFileType = text.xml; name = price_events.xml; path = ../server/price_events.xml; sourceTree = "<group>"; };
		4DAABCCA139B8ABF00E868A7 /* HomePriceIndex.h */ = {isa = PBXFileReference; fileEncoding = 4; lastKnownFileType = sourcecode.c.h; path = HomePriceIndex.h; sourceTree = "<group>"; };
		4DAABCCB139B8ABF00E868A7 /* HomePriceIndex.m */ = {isa = PBXFileReference; fileEncoding = 4; lastKnownFileType = sourcecode.c.objc; path = HomePriceIndex.m; sourceTree = "<group>"; };
/* End PBXFileReference section */

/* Begin PBXFrameworksBuildPhase section */
		4D055A5B139A1E0600F13781 /* Frameworks */ = {
			isa = PBXFrameworksBuildPhase;
			buildActionMask = 2147483647;
			files = (
				4D055A63139A1E0600F13781 /* UIKit.framework in Frameworks */,
				4D055A65139A1E0600F13781 /* Foundation.framework in Frameworks */,
				4D055A67139A1E0600F13781 /* CoreGraphics.framework in Frameworks */,
				4D73841A139A20660087CCDC /* libCorePlot-CocoaTouch.a in Frameworks */,
				4D73841C139A21FF0087CCDC /* QuartzCore.framework in Frameworks */,
			);
			runOnlyForDeploymentPostprocessing = 0;
		};
		4D055A7E139A1E0600F13781 /* Frameworks */ = {
			isa = PBXFrameworksBuildPhase;
			buildActionMask = 2147483647;
			files = (
				4D055A83139A1E0600F13781 /* UIKit.framework in Frameworks */,
				4D055A84139A1E0600F13781 /* Foundation.framework in Frameworks */,
				4D055A85139A1E0600F13781 /* CoreGraphics.framework in Frameworks */,
			);
			runOnlyForDeploymentPostprocessing = 0;
		};
/* End PBXFrameworksBuildPhase section */

/* Begin PBXGroup section */
		4D055A53139A1E0500F13781 = {
			isa = PBXGroup;
			children = (
				4DAABCC8139B2A1C00E868A7 /* price_events.xml */,
				4D055A68139A1E0600F13781 /* TallyHome */,
				4D055A88139A1E0600F13781 /* TallyHomeTests */,
				4D055A61139A1E0600F13781 /* Frameworks */,
				4D055A5F139A1E0600F13781 /* Products */,
			);
			sourceTree = "<group>";
		};
		4D055A5F139A1E0600F13781 /* Products */ = {
			isa = PBXGroup;
			children = (
				4D055A5E139A1E0600F13781 /* TallyHome.app */,
				4D055A82139A1E0600F13781 /* TallyHomeTests.octest */,
			);
			name = Products;
			sourceTree = "<group>";
		};
		4D055A61139A1E0600F13781 /* Frameworks */ = {
			isa = PBXGroup;
			children = (
				4D73841B139A21FF0087CCDC /* QuartzCore.framework */,
				4D055A62139A1E0600F13781 /* UIKit.framework */,
				4D055A64139A1E0600F13781 /* Foundation.framework */,
				4D055A66139A1E0600F13781 /* CoreGraphics.framework */,
			);
			name = Frameworks;
			sourceTree = "<group>";
		};
		4D055A68139A1E0600F13781 /* TallyHome */ = {
			isa = PBXGroup;
			children = (
				4D738419139A20660087CCDC /* libCorePlot-CocoaTouch.a */,
				4D7383D0139A20560087CCDC /* CorePlotHeaders */,
				4DAABCCA139B8ABF00E868A7 /* HomePriceIndex.h */,
				4DAABCCB139B8ABF00E868A7 /* HomePriceIndex.m */,
				4D7383CB139A1FF60087CCDC /* PricePath.h */,
				4D7383CC139A1FF60087CCDC /* PricePath.m */,
				4D055A71139A1E0600F13781 /* TallyHomeAppDelegate.h */,
				4D055A72139A1E0600F13781 /* TallyHomeAppDelegate.m */,
				4D055A74139A1E0600F13781 /* MainWindow.xib */,
				4D055A77139A1E0600F13781 /* RootViewController.h */,
				4D055A78139A1E0600F13781 /* RootViewController.m */,
				4D055A7A139A1E0600F13781 /* RootViewController.xib */,
				4D055A69139A1E0600F13781 /* Supporting Files */,
				4DA28EC013A2DE6D001D13BD /* THIndex.h */,
				4DA28EC113A2DE6D001D13BD /* THIndex.m */,
				4DA28EC413A2E97C001D13BD /* THIndice.h */,
				4DA28EC513A2E97D001D13BD /* THIndice.m */,
				4D47236813ADB5DA00309C25 /* THDate.h */,
				4D47236913ADB5DA00309C25 /* THDate.m */,
			);
			path = TallyHome;
			sourceTree = "<group>";
		};
		4D055A69139A1E0600F13781 /* Supporting Files */ = {
			isa = PBXGroup;
			children = (
				4D055A6A139A1E0600F13781 /* TallyHome-Info.plist */,
				4D055A6B139A1E0600F13781 /* InfoPlist.strings */,
				4D055A6E139A1E0600F13781 /* TallyHome-Prefix.pch */,
				4D055A6F139A1E0600F13781 /* main.m */,
			);
			name = "Supporting Files";
			sourceTree = "<group>";
		};
		4D055A88139A1E0600F13781 /* TallyHomeTests */ = {
			isa = PBXGroup;
			children = (
				4D055A8F139A1E0600F13781 /* TallyHomeTests.h */,
				4D055A91139A1E0600F13781 /* TallyHomeTests.m */,
				4D055A89139A1E0600F13781 /* Supporting Files */,
				4DAABCC4139B220C00E868A7 /* PricePathTests.h */,
				4DAABCC5139B220C00E868A7 /* PricePathTests.m */,
			);
			path = TallyHomeTests;
			sourceTree = "<group>";
		};
		4D055A89139A1E0600F13781 /* Supporting Files */ = {
			isa = PBXGroup;
			children = (
				4D055A8A139A1E0600F13781 /* TallyHomeTests-Info.plist */,
				4D055A8B139A1E0600F13781 /* InfoPlist.strings */,
				4D055A8E139A1E0600F13781 /* TallyHomeTests-Prefix.pch */,
			);
			name = "Supporting Files";
			sourceTree = "<group>";
		};
		4D7383D0139A20560087CCDC /* CorePlotHeaders */ = {
			isa = PBXGroup;
			children = (
				4D7383D1139A20560087CCDC /* _CPFillColor.h */,
				4D7383D2139A20560087CCDC /* _CPFillGradient.h */,
				4D7383D3139A20560087CCDC /* _CPFillImage.h */,
				4D7383D4139A20560087CCDC /* CorePlot-CocoaTouch.h */,
				4D7383D5139A20560087CCDC /* CPAnnotation.h */,
				4D7383D6139A20560087CCDC /* CPAnnotationHostLayer.h */,
				4D7383D7139A20560087CCDC /* CPAxis.h */,
				4D7383D8139A20560087CCDC /* CPAxisLabel.h */,
				4D7383D9139A20560087CCDC /* CPAxisLabelGroup.h */,
				4D7383DA139A20560087CCDC /* CPAxisSet.h */,
				4D7383DB139A20560087CCDC /* CPAxisTitle.h */,
				4D7383DC139A20560087CCDC /* CPBarPlot.h */,
				4D7383DD139A20560087CCDC /* CPBorderedLayer.h */,
				4D7383DE139A20560087CCDC /* CPColor.h */,
				4D7383DF139A20560087CCDC /* CPColorSpace.h */,
				4D7383E0139A20560087CCDC /* CPConstrainedPosition.h */,
				4D7383E1139A20560087CCDC /* CPDarkGradientTheme.h */,
				4D7383E2139A20560087CCDC /* CPDefinitions.h */,
				4D7383E3139A20560087CCDC /* CPExceptions.h */,
				4D7383E4139A20560087CCDC /* CPFill.h */,
				4D7383E5139A20560087CCDC /* CPGradient.h */,
				4D7383E6139A20560087CCDC /* CPGraph.h */,
				4D7383E7139A20560087CCDC /* CPGraphHostingView.h */,
				4D7383E8139A20560087CCDC /* CPGridLineGroup.h */,
				4D7383E9139A20560087CCDC /* CPGridLines.h */,
				4D7383EA139A20560087CCDC /* CPImage.h */,
				4D7383EB139A20560087CCDC /* CPLayer.h */,
				4D7383EC139A20560087CCDC /* CPLayerAnnotation.h */,
				4D7383ED139A20560087CCDC /* CPLayoutManager.h */,
				4D7383EE139A20560087CCDC /* CPLimitBand.h */,
				4D7383EF139A20560087CCDC /* CPLineStyle.h */,
				4D7383F0139A20560087CCDC /* CPMutableLineStyle.h */,
				4D7383F1139A20560087CCDC /* CPMutableNumericData+TypeConversion.h */,
				4D7383F2139A20560087CCDC /* CPMutableNumericData.h */,
				4D7383F3139A20560087CCDC /* CPMutableTextStyle.h */,
				4D7383F4139A20560087CCDC /* CPNumericData+TypeConversion.h */,
				4D7383F5139A20560087CCDC /* CPNumericData.h */,
				4D7383F6139A20560087CCDC /* CPNumericDataType.h */,
				4D7383F7139A20560087CCDC /* CPPathExtensions.h */,
				4D7383F8139A20560087CCDC /* CPPieChart.h */,
				4D7383F9139A20560087CCDC /* CPPlainBlackTheme.h */,
				4D7383FA139A20560087CCDC /* CPPlainWhiteTheme.h */,
				4D7383FB139A20560087CCDC /* CPPlatformSpecificCategories.h */,
				4D7383FC139A20560087CCDC /* CPPlatformSpecificDefines.h */,
				4D7383FD139A20560087CCDC /* CPPlatformSpecificFunctions.h */,
				4D7383FE139A20560087CCDC /* CPPlot.h */,
				4D7383FF139A20560087CCDC /* CPPlotArea.h */,
				4D738400139A20560087CCDC /* CPPlotAreaFrame.h */,
				4D738401139A20560087CCDC /* CPPlotGroup.h */,
				4D738402139A20560087CCDC /* CPPlotRange.h */,
				4D738403139A20560087CCDC /* CPPlotSpace.h */,
				4D738404139A20560087CCDC /* CPPlotSpaceAnnotation.h */,
				4D738405139A20560087CCDC /* CPPlotSymbol.h */,
				4D738406139A20560087CCDC /* CPPolarPlotSpace.h */,
				4D738407139A20560087CCDC /* CPRangePlot.h */,
				4D738408139A20560087CCDC /* CPResponder.h */,
				4D738409139A20560087CCDC /* CPScatterPlot.h */,
				4D73840A139A20560087CCDC /* CPSlateTheme.h */,
				4D73840B139A20560087CCDC /* CPStocksTheme.h */,
				4D73840C139A20560087CCDC /* CPTextLayer.h */,
				4D73840D139A20560087CCDC /* CPTextStyle.h */,
				4D73840E139A20560087CCDC /* CPTheme.h */,
				4D73840F139A20560087CCDC /* CPTimeFormatter.h */,
				4D738410139A20560087CCDC /* CPTradingRangePlot.h */,
				4D738411139A20560087CCDC /* CPUtilities.h */,
				4D738412139A20560087CCDC /* CPXYAxis.h */,
				4D738413139A20560087CCDC /* CPXYAxisSet.h */,
				4D738414139A20560087CCDC /* CPXYGraph.h */,
				4D738415139A20560087CCDC /* CPXYPlotSpace.h */,
				4D738416139A20560087CCDC /* CPXYTheme.h */,
				4D738417139A20560087CCDC /* NSDecimalNumberExtensions.h */,
				4D738418139A20560087CCDC /* NSNumberExtensions.h */,
			);
			path = CorePlotHeaders;
			sourceTree = "<group>";
		};
/* End PBXGroup section */

/* Begin PBXNativeTarget section */
		4D055A5D139A1E0600F13781 /* TallyHome */ = {
			isa = PBXNativeTarget;
			buildConfigurationList = 4D055A95139A1E0600F13781 /* Build configuration list for PBXNativeTarget "TallyHome" */;
			buildPhases = (
				4D055A5A139A1E0600F13781 /* Sources */,
				4D055A5B139A1E0600F13781 /* Frameworks */,
				4D055A5C139A1E0600F13781 /* Resources */,
			);
			buildRules = (
			);
			dependencies = (
			);
			name = TallyHome;
			productName = TallyHome;
			productReference = 4D055A5E139A1E0600F13781 /* TallyHome.app */;
			productType = "com.apple.product-type.application";
		};
		4D055A81139A1E0600F13781 /* TallyHomeTests */ = {
			isa = PBXNativeTarget;
			buildConfigurationList = 4D055A98139A1E0600F13781 /* Build configuration list for PBXNativeTarget "TallyHomeTests" */;
			buildPhases = (
				4D055A7D139A1E0600F13781 /* Sources */,
				4D055A7E139A1E0600F13781 /* Frameworks */,
				4D055A7F139A1E0600F13781 /* Resources */,
				4D055A80139A1E0600F13781 /* ShellScript */,
			);
			buildRules = (
			);
			dependencies = (
				4D055A87139A1E0600F13781 /* PBXTargetDependency */,
			);
			name = TallyHomeTests;
			productName = TallyHomeTests;
			productReference = 4D055A82139A1E0600F13781 /* TallyHomeTests.octest */;
			productType = "com.apple.product-type.bundle";
		};
/* End PBXNativeTarget section */

/* Begin PBXProject section */
		4D055A55139A1E0500F13781 /* Project object */ = {
			isa = PBXProject;
			buildConfigurationList = 4D055A58139A1E0500F13781 /* Build configuration list for PBXProject "TallyHome" */;
			compatibilityVersion = "Xcode 3.2";
			developmentRegion = English;
			hasScannedForEncodings = 0;
			knownRegions = (
				en,
			);
			mainGroup = 4D055A53139A1E0500F13781;
			productRefGroup = 4D055A5F139A1E0600F13781 /* Products */;
			projectDirPath = "";
			projectRoot = "";
			targets = (
				4D055A5D139A1E0600F13781 /* TallyHome */,
				4D055A81139A1E0600F13781 /* TallyHomeTests */,
			);
		};
/* End PBXProject section */

/* Begin PBXResourcesBuildPhase section */
		4D055A5C139A1E0600F13781 /* Resources */ = {
			isa = PBXResourcesBuildPhase;
			buildActionMask = 2147483647;
			files = (
				4D055A6D139A1E0600F13781 /* InfoPlist.strings in Resources */,
				4D055A76139A1E0600F13781 /* MainWindow.xib in Resources */,
				4D055A7C139A1E0600F13781 /* RootViewController.xib in Resources */,
				4DAABCC9139B2A1C00E868A7 /* price_events.xml in Resources */,
			);
			runOnlyForDeploymentPostprocessing = 0;
		};
		4D055A7F139A1E0600F13781 /* Resources */ = {
			isa = PBXResourcesBuildPhase;
			buildActionMask = 2147483647;
			files = (
				4D055A8D139A1E0600F13781 /* InfoPlist.strings in Resources */,
				4D055A90139A1E0600F13781 /* TallyHomeTests.h in Resources */,
			);
			runOnlyForDeploymentPostprocessing = 0;
		};
/* End PBXResourcesBuildPhase section */

/* Begin PBXShellScriptBuildPhase section */
		4D055A80139A1E0600F13781 /* ShellScript */ = {
			isa = PBXShellScriptBuildPhase;
			buildActionMask = 2147483647;
			files = (
			);
			inputPaths = (
			);
			outputPaths = (
			);
			runOnlyForDeploymentPostprocessing = 0;
			shellPath = /bin/sh;
			shellScript = "# Run the unit tests in this test bundle.\n\"${SYSTEM_DEVELOPER_DIR}/Tools/RunUnitTests\"\n";
		};
/* End PBXShellScriptBuildPhase section */

/* Begin PBXSourcesBuildPhase section */
		4D055A5A139A1E0600F13781 /* Sources */ = {
			isa = PBXSourcesBuildPhase;
			buildActionMask = 2147483647;
			files = (
				4D055A70139A1E0600F13781 /* main.m in Sources */,
				4D055A73139A1E0600F13781 /* TallyHomeAppDelegate.m in Sources */,
				4D055A79139A1E0600F13781 /* RootViewController.m in Sources */,
				4D7383CE139A1FF60087CCDC /* PricePath.m in Sources */,
				4DAABCCC139B8ABF00E868A7 /* HomePriceIndex.m in Sources */,
				4DA28EC213A2DE6D001D13BD /* THIndex.m in Sources */,
				4DA28EC613A2E97D001D13BD /* THIndice.m in Sources */,
				4D47236A13ADB5DA00309C25 /* THDate.m in Sources */,
			);
			runOnlyForDeploymentPostprocessing = 0;
		};
		4D055A7D139A1E0600F13781 /* Sources */ = {
			isa = PBXSourcesBuildPhase;
			buildActionMask = 2147483647;
			files = (
				4D055A92139A1E0600F13781 /* TallyHomeTests.m in Sources */,
				4DAABCC6139B220C00E868A7 /* PricePathTests.m in Sources */,
			);
			runOnlyForDeploymentPostprocessing = 0;
		};
/* End PBXSourcesBuildPhase section */

/* Begin PBXTargetDependency section */
		4D055A87139A1E0600F13781 /* PBXTargetDependency */ = {
			isa = PBXTargetDependency;
			target = 4D055A5D139A1E0600F13781 /* TallyHome */;
			targetProxy = 4D055A86139A1E0600F13781 /* PBXContainerItemProxy */;
		};
/* End PBXTargetDependency section */

/* Begin PBXVariantGroup section */
		4D055A6B139A1E0600F13781 /* InfoPlist.strings */ = {
			isa = PBXVariantGroup;
			children = (
				4D055A6C139A1E0600F13781 /* en */,
			);
			name = InfoPlist.strings;
			sourceTree = "<group>";
		};
		4D055A74139A1E0600F13781 /* MainWindow.xib */ = {
			isa = PBXVariantGroup;
			children = (
				4D055A75139A1E0600F13781 /* en */,
			);
			name = MainWindow.xib;
			sourceTree = "<group>";
		};
		4D055A7A139A1E0600F13781 /* RootViewController.xib */ = {
			isa = PBXVariantGroup;
			children = (
				4D055A7B139A1E0600F13781 /* en */,
			);
			name = RootViewController.xib;
			sourceTree = "<group>";
		};
		4D055A8B139A1E0600F13781 /* InfoPlist.strings */ = {
			isa = PBXVariantGroup;
			children = (
				4D055A8C139A1E0600F13781 /* en */,
			);
			name = InfoPlist.strings;
			sourceTree = "<group>";
		};
/* End PBXVariantGroup section */

/* Begin XCBuildConfiguration section */
		4D055A93139A1E0600F13781 /* Debug */ = {
			isa = XCBuildConfiguration;
			buildSettings = {
				ARCHS = "$(ARCHS_STANDARD_32_BIT)";
				"CODE_SIGN_IDENTITY[sdk=iphoneos*]" = "iPhone Developer";
				GCC_C_LANGUAGE_STANDARD = gnu99;
				GCC_OPTIMIZATION_LEVEL = 0;
				GCC_PREPROCESSOR_DEFINITIONS = DEBUG;
				GCC_SYMBOLS_PRIVATE_EXTERN = NO;
				GCC_VERSION = com.apple.compilers.llvmgcc42;
				GCC_WARN_ABOUT_RETURN_TYPE = YES;
				GCC_WARN_UNUSED_VARIABLE = YES;
				IPHONEOS_DEPLOYMENT_TARGET = 4.3;
				SDKROOT = iphoneos;
			};
			name = Debug;
		};
		4D055A94139A1E0600F13781 /* Release */ = {
			isa = XCBuildConfiguration;
			buildSettings = {
				ARCHS = "$(ARCHS_STANDARD_32_BIT)";
				"CODE_SIGN_IDENTITY[sdk=iphoneos*]" = "iPhone Developer";
				GCC_C_LANGUAGE_STANDARD = gnu99;
				GCC_VERSION = com.apple.compilers.llvmgcc42;
				GCC_WARN_ABOUT_RETURN_TYPE = YES;
				GCC_WARN_UNUSED_VARIABLE = YES;
				IPHONEOS_DEPLOYMENT_TARGET = 4.3;
				OTHER_CFLAGS = "-DNS_BLOCK_ASSERTIONS=1";
				SDKROOT = iphoneos;
			};
			name = Release;
		};
		4D055A96139A1E0600F13781 /* Debug */ = {
			isa = XCBuildConfiguration;
			buildSettings = {
				ALWAYS_SEARCH_USER_PATHS = NO;
				COPY_PHASE_STRIP = NO;
				GCC_DYNAMIC_NO_PIC = NO;
				GCC_PRECOMPILE_PREFIX_HEADER = YES;
				GCC_PREFIX_HEADER = "TallyHome/TallyHome-Prefix.pch";
				INFOPLIST_FILE = "TallyHome/TallyHome-Info.plist";
				LIBRARY_SEARCH_PATHS = (
					"$(inherited)",
					"\"$(SRCROOT)/TallyHome\"",
				);
				"OTHER_LDFLAGS[arch=*]" = (
					"-ObjC",
					"-all_load",
				);
				PRODUCT_NAME = "$(TARGET_NAME)";
				WRAPPER_EXTENSION = app;
			};
			name = Debug;
		};
		4D055A97139A1E0600F13781 /* Release */ = {
			isa = XCBuildConfiguration;
			buildSettings = {
				ALWAYS_SEARCH_USER_PATHS = NO;
				COPY_PHASE_STRIP = YES;
				GCC_PRECOMPILE_PREFIX_HEADER = YES;
				GCC_PREFIX_HEADER = "TallyHome/TallyHome-Prefix.pch";
				INFOPLIST_FILE = "TallyHome/TallyHome-Info.plist";
				LIBRARY_SEARCH_PATHS = (
					"$(inherited)",
					"\"$(SRCROOT)/TallyHome\"",
				);
				"OTHER_LDFLAGS[arch=*]" = (
					"-ObjC",
					"-all_load",
				);
				PRODUCT_NAME = "$(TARGET_NAME)";
				VALIDATE_PRODUCT = YES;
				WRAPPER_EXTENSION = app;
			};
			name = Release;
		};
		4D055A99139A1E0600F13781 /* Debug */ = {
			isa = XCBuildConfiguration;
			buildSettings = {
				ALWAYS_SEARCH_USER_PATHS = NO;
				BUNDLE_LOADER = "$(BUILT_PRODUCTS_DIR)/TallyHome.app/TallyHome";
				FRAMEWORK_SEARCH_PATHS = (
					"$(SDKROOT)/Developer/Library/Frameworks",
					"$(DEVELOPER_LIBRARY_DIR)/Frameworks",
				);
				GCC_PRECOMPILE_PREFIX_HEADER = YES;
				GCC_PREFIX_HEADER = "TallyHomeTests/TallyHomeTests-Prefix.pch";
				INFOPLIST_FILE = "TallyHomeTests/TallyHomeTests-Info.plist";
				OTHER_LDFLAGS = (
					"-framework",
					SenTestingKit,
				);
				PRODUCT_NAME = "$(TARGET_NAME)";
				TEST_HOST = "$(BUNDLE_LOADER)";
				WRAPPER_EXTENSION = octest;
			};
			name = Debug;
		};
		4D055A9A139A1E0600F13781 /* Release */ = {
			isa = XCBuildConfiguration;
			buildSettings = {
				ALWAYS_SEARCH_USER_PATHS = NO;
				BUNDLE_LOADER = "$(BUILT_PRODUCTS_DIR)/TallyHome.app/TallyHome";
				FRAMEWORK_SEARCH_PATHS = (
					"$(SDKROOT)/Developer/Library/Frameworks",
					"$(DEVELOPER_LIBRARY_DIR)/Frameworks",
				);
				GCC_PRECOMPILE_PREFIX_HEADER = YES;
				GCC_PREFIX_HEADER = "TallyHomeTests/TallyHomeTests-Prefix.pch";
				INFOPLIST_FILE = "TallyHomeTests/TallyHomeTests-Info.plist";
				OTHER_LDFLAGS = (
					"-framework",
					SenTestingKit,
				);
				PRODUCT_NAME = "$(TARGET_NAME)";
				TEST_HOST = "$(BUNDLE_LOADER)";
				WRAPPER_EXTENSION = octest;
			};
			name = Release;
		};
/* End XCBuildConfiguration section */

/* Begin XCConfigurationList section */
		4D055A58139A1E0500F13781 /* Build configuration list for PBXProject "TallyHome" */ = {
			isa = XCConfigurationList;
			buildConfigurations = (
				4D055A93139A1E0600F13781 /* Debug */,
				4D055A94139A1E0600F13781 /* Release */,
			);
			defaultConfigurationIsVisible = 0;
			defaultConfigurationName = Release;
		};
		4D055A95139A1E0600F13781 /* Build configuration list for PBXNativeTarget "TallyHome" */ = {
			isa = XCConfigurationList;
			buildConfigurations = (
				4D055A96139A1E0600F13781 /* Debug */,
				4D055A97139A1E0600F13781 /* Release */,
			);
			defaultConfigurationIsVisible = 0;
			defaultConfigurationName = Release;
		};
		4D055A98139A1E0600F13781 /* Build configuration list for PBXNativeTarget "TallyHomeTests" */ = {
			isa = XCConfigurationList;
			buildConfigurations = (
				4D055A99139A1E0600F13781 /* Debug */,
				4D055A9A139A1E0600F13781 /* Release */,
			);
			defaultConfigurationIsVisible = 0;
			defaultConfigurationName = Release;
		};
/* End XCConfigurationList section */
	};
	rootObject = 4D055A55139A1E0500F13781 /* Project object */;
}
